{
  "version": 4,
  "terraform_version": "1.1.0",
  "serial": 188,
  "lineage": "1dcf886b-6106-4cc8-6a31-604dcf046667",
  "outputs": {},
  "resources": [
    {
      "mode": "data",
      "type": "digitalocean_kubernetes_versions",
      "name": "cognodes",
      "provider": "provider[\"registry.terraform.io/digitalocean/digitalocean\"]",
      "instances": [
        {
          "schema_version": 0,
          "attributes": {
            "id": "terraform-20211213051552019600000001",
            "latest_version": "1.19.15-do.0",
            "valid_versions": [
              "1.19.15-do.0"
            ],
            "version_prefix": "1.19."
          },
          "sensitive_attributes": []
        }
      ]
    },
    {
      "mode": "managed",
      "type": "digitalocean_domain",
      "name": "codepoe_ms",
      "provider": "provider[\"registry.terraform.io/digitalocean/digitalocean\"]",
      "instances": [
        {
          "schema_version": 0,
          "attributes": {
            "id": "codepoe.ms",
            "ip_address": null,
            "name": "codepoe.ms",
            "ttl": 1800,
            "urn": "do:domain:codepoe.ms"
          },
          "sensitive_attributes": [],
          "private": "eyJzY2hlbWFfdmVyc2lvbiI6IjAifQ=="
        }
      ]
    },
    {
      "mode": "managed",
      "type": "digitalocean_domain",
      "name": "codervana_io",
      "provider": "provider[\"registry.terraform.io/digitalocean/digitalocean\"]",
      "instances": [
        {
          "schema_version": 0,
          "attributes": {
            "id": "codervana.io",
            "ip_address": null,
            "name": "codervana.io",
            "ttl": 1800,
            "urn": "do:domain:codervana.io"
          },
          "sensitive_attributes": [],
          "private": "eyJzY2hlbWFfdmVyc2lvbiI6IjAifQ=="
        }
      ]
    },
    {
      "mode": "managed",
      "type": "digitalocean_domain",
      "name": "cognod_es",
      "provider": "provider[\"registry.terraform.io/digitalocean/digitalocean\"]",
      "instances": [
        {
          "schema_version": 0,
          "attributes": {
            "id": "cognod.es",
            "ip_address": null,
            "name": "cognod.es",
            "ttl": 1800,
            "urn": "do:domain:cognod.es"
          },
          "sensitive_attributes": [],
          "private": "eyJzY2hlbWFfdmVyc2lvbiI6IjAifQ=="
        }
      ]
    },
    {
      "mode": "managed",
      "type": "digitalocean_domain",
      "name": "falcao_it",
      "provider": "provider[\"registry.terraform.io/digitalocean/digitalocean\"]",
      "instances": [
        {
          "schema_version": 0,
          "attributes": {
            "id": "falcao.it",
            "ip_address": null,
            "name": "falcao.it",
            "ttl": 1800,
            "urn": "do:domain:falcao.it"
          },
          "sensitive_attributes": [],
          "private": "eyJzY2hlbWFfdmVyc2lvbiI6IjAifQ=="
        }
      ]
    },
    {
      "mode": "managed",
      "type": "digitalocean_domain",
      "name": "python_clinic",
      "provider": "provider[\"registry.terraform.io/digitalocean/digitalocean\"]",
      "instances": [
        {
          "schema_version": 0,
          "attributes": {
            "id": "python.clinic",
            "ip_address": null,
            "name": "python.clinic",
            "ttl": 1800,
            "urn": "do:domain:python.clinic"
          },
          "sensitive_attributes": [],
          "private": "eyJzY2hlbWFfdmVyc2lvbiI6IjAifQ=="
        }
      ]
    },
    {
      "mode": "managed",
      "type": "digitalocean_domain",
      "name": "r131733_xyz",
      "provider": "provider[\"registry.terraform.io/digitalocean/digitalocean\"]",
      "instances": [
        {
          "schema_version": 0,
          "attributes": {
            "id": "r131733.xyz",
            "ip_address": null,
            "name": "r131733.xyz",
            "ttl": 1800,
            "urn": "do:domain:r131733.xyz"
          },
          "sensitive_attributes": [],
          "private": "eyJzY2hlbWFfdmVyc2lvbiI6IjAifQ=="
        }
      ]
    },
    {
      "mode": "managed",
      "type": "digitalocean_domain",
      "name": "visualcu_es",
      "provider": "provider[\"registry.terraform.io/digitalocean/digitalocean\"]",
      "instances": [
        {
          "schema_version": 0,
          "attributes": {
            "id": "visualcu.es",
            "ip_address": null,
            "name": "visualcu.es",
            "ttl": 1800,
            "urn": "do:domain:visualcu.es"
          },
          "sensitive_attributes": [],
          "private": "eyJzY2hlbWFfdmVyc2lvbiI6IjAifQ=="
        }
      ]
    },
    {
      "mode": "managed",
      "type": "digitalocean_domain",
      "name": "wavemanda_la",
      "provider": "provider[\"registry.terraform.io/digitalocean/digitalocean\"]",
      "instances": [
        {
          "schema_version": 0,
          "attributes": {
            "id": "wavemanda.la",
            "ip_address": null,
            "name": "wavemanda.la",
            "ttl": 1800,
            "urn": "do:domain:wavemanda.la"
          },
          "sensitive_attributes": [],
          "private": "eyJzY2hlbWFfdmVyc2lvbiI6IjAifQ=="
        }
      ]
    },
    {
      "mode": "managed",
      "type": "digitalocean_kubernetes_cluster",
      "name": "cognodes",
      "provider": "provider[\"registry.terraform.io/digitalocean/digitalocean\"]",
      "instances": [
        {
          "schema_version": 3,
          "attributes": {
            "auto_upgrade": false,
            "cluster_subnet": "10.244.0.0/16",
            "created_at": "2020-09-19 00:31:25 +0000 UTC",
            "endpoint": "https://a3e1e65a-5166-466a-8327-c90b3f6e426a.k8s.ondigitalocean.com",
            "ha": false,
            "id": "a3e1e65a-5166-466a-8327-c90b3f6e426a",
            "ipv4_address": "157.230.109.200",
            "kube_config": [
              {
                "client_certificate": "",
                "client_key": "",
                "cluster_ca_certificate": "LS0tLS1CRUdJTiBDRVJUSUZJQ0FURS0tLS0tCk1JSURKekNDQWcrZ0F3SUJBZ0lDQm5Vd0RRWUpLb1pJaHZjTkFRRUxCUUF3TXpFVk1CTUdBMVVFQ2hNTVJHbG4KYVhSaGJFOWpaV0Z1TVJvd0dBWURWUVFERXhGck9ITmhZWE1nUTJ4MWMzUmxjaUJEUVRBZUZ3MHlNREE1TVRrdwpNRE14TXpGYUZ3MDBNREE1TVRrd01ETXhNekZhTURNeEZUQVRCZ05WQkFvVERFUnBaMmwwWVd4UFkyVmhiakVhCk1CZ0dBMVVFQXhNUmF6aHpZV0Z6SUVOc2RYTjBaWElnUTBFd2dnRWlNQTBHQ1NxR1NJYjNEUUVCQVFVQUE0SUIKRHdBd2dnRUtBb0lCQVFDY2lBc1ZLSFYyb3N1aDZHK1oxYXJqOWEwSUo3c2k0dFBRZ2diNkpPWGFIdVU2UDhoaApSUmljZlZMNTdZeGFlUGZvZ05SMWE2T2JZUUhnOGk3dnppRldMVXFxUUV6eTdKU2xaYnJaK282T2xvOS9DbGVtCnlZWE4zY0JEaWN2UmV5YmU5ZUtGME5Oek5wYjNHZzluaEtHd2RSV1dGbklPQmI1bzNtTGN3dWxhNTJDQXNHREcKMUZLS014ZEtveUJpc1NnVEFWQU9ORmhYdDRwbEFUdFFTZ0s4SkdQZjFSNjlRMitiWVlqUTFWYmM2cmwvSlR1ZAp3U0VSSStWVHBvaU83T0ROMkRmS3lWUDJvZzlYVUkzQWZTRitKQWhocjg3QXFwM0hWWTBEK0tydDhCT0NkSG9sClo1L25lb0RIRnYyOEtJZUV6UU9OVlFLUnB0ckFrSk0yWkhpTkFnTUJBQUdqUlRCRE1BNEdBMVVkRHdFQi93UUUKQXdJQmhqQVNCZ05WSFJNQkFmOEVDREFHQVFIL0FnRUFNQjBHQTFVZERnUVdCQlFqb2RjeTJFUHJvak5NMmZ1MQovTzhtQ3JqS2dqQU5CZ2txaGtpRzl3MEJBUXNGQUFPQ0FRRUFnNHBRM2w0T2NNQVlSVUNHRDBhblhSdCtiamZUClBna1AwYm1Yc1dXTXcwSFZNYTh3cTdBQkdncTVZUG9OazZXRnhwNzR6WWU3b1dkc1hqdlFuOC8waVFtTHFlS0YKUDhFcERpdWVlZGg4eTlRa2dJVkp6N29lN0hWNkZKcGJjdm8yUUtOZDdscjQyOUQ5ZUZGVjM1ZzJ4U1lUZHFFTwpxYkQvSHFFN2g0VWFMaEFoOHlpcGE3clRsUi9ub213MFpSZWZUeW1DVFhVdE50SEVRV0JIeUJXNnVFV241YlhiCnpDRmZJdEpiQjF0UXFkdzJ4aFE4cEJ1bHZGSzJTUGprTUdWdERxY2w0clFDdWJBUVcwWVBRd3BLajdjditXd3EKZWtOeDRhQUs5NGs0NGUrNC9nTzVGckJUdHJKMjJaMkRXeHFaVDJXQzNBQlEreUFKTndFL3YwcTdhdz09Ci0tLS0tRU5EIENFUlRJRklDQVRFLS0tLS0K",
                "expires_at": "2021-12-20T00:30:59Z",
                "host": "https://a3e1e65a-5166-466a-8327-c90b3f6e426a.k8s.ondigitalocean.com",
                "raw_config": "apiVersion: v1\nkind: Config\nclusters:\n- cluster:\n    certificate-authority-data: LS0tLS1CRUdJTiBDRVJUSUZJQ0FURS0tLS0tCk1JSURKekNDQWcrZ0F3SUJBZ0lDQm5Vd0RRWUpLb1pJaHZjTkFRRUxCUUF3TXpFVk1CTUdBMVVFQ2hNTVJHbG4KYVhSaGJFOWpaV0Z1TVJvd0dBWURWUVFERXhGck9ITmhZWE1nUTJ4MWMzUmxjaUJEUVRBZUZ3MHlNREE1TVRrdwpNRE14TXpGYUZ3MDBNREE1TVRrd01ETXhNekZhTURNeEZUQVRCZ05WQkFvVERFUnBaMmwwWVd4UFkyVmhiakVhCk1CZ0dBMVVFQXhNUmF6aHpZV0Z6SUVOc2RYTjBaWElnUTBFd2dnRWlNQTBHQ1NxR1NJYjNEUUVCQVFVQUE0SUIKRHdBd2dnRUtBb0lCQVFDY2lBc1ZLSFYyb3N1aDZHK1oxYXJqOWEwSUo3c2k0dFBRZ2diNkpPWGFIdVU2UDhoaApSUmljZlZMNTdZeGFlUGZvZ05SMWE2T2JZUUhnOGk3dnppRldMVXFxUUV6eTdKU2xaYnJaK282T2xvOS9DbGVtCnlZWE4zY0JEaWN2UmV5YmU5ZUtGME5Oek5wYjNHZzluaEtHd2RSV1dGbklPQmI1bzNtTGN3dWxhNTJDQXNHREcKMUZLS014ZEtveUJpc1NnVEFWQU9ORmhYdDRwbEFUdFFTZ0s4SkdQZjFSNjlRMitiWVlqUTFWYmM2cmwvSlR1ZAp3U0VSSStWVHBvaU83T0ROMkRmS3lWUDJvZzlYVUkzQWZTRitKQWhocjg3QXFwM0hWWTBEK0tydDhCT0NkSG9sClo1L25lb0RIRnYyOEtJZUV6UU9OVlFLUnB0ckFrSk0yWkhpTkFnTUJBQUdqUlRCRE1BNEdBMVVkRHdFQi93UUUKQXdJQmhqQVNCZ05WSFJNQkFmOEVDREFHQVFIL0FnRUFNQjBHQTFVZERnUVdCQlFqb2RjeTJFUHJvak5NMmZ1MQovTzhtQ3JqS2dqQU5CZ2txaGtpRzl3MEJBUXNGQUFPQ0FRRUFnNHBRM2w0T2NNQVlSVUNHRDBhblhSdCtiamZUClBna1AwYm1Yc1dXTXcwSFZNYTh3cTdBQkdncTVZUG9OazZXRnhwNzR6WWU3b1dkc1hqdlFuOC8waVFtTHFlS0YKUDhFcERpdWVlZGg4eTlRa2dJVkp6N29lN0hWNkZKcGJjdm8yUUtOZDdscjQyOUQ5ZUZGVjM1ZzJ4U1lUZHFFTwpxYkQvSHFFN2g0VWFMaEFoOHlpcGE3clRsUi9ub213MFpSZWZUeW1DVFhVdE50SEVRV0JIeUJXNnVFV241YlhiCnpDRmZJdEpiQjF0UXFkdzJ4aFE4cEJ1bHZGSzJTUGprTUdWdERxY2w0clFDdWJBUVcwWVBRd3BLajdjditXd3EKZWtOeDRhQUs5NGs0NGUrNC9nTzVGckJUdHJKMjJaMkRXeHFaVDJXQzNBQlEreUFKTndFL3YwcTdhdz09Ci0tLS0tRU5EIENFUlRJRklDQVRFLS0tLS0K\n    server: https://a3e1e65a-5166-466a-8327-c90b3f6e426a.k8s.ondigitalocean.com\n  name: do-fra1-falcaoit-prod\ncontexts:\n- context:\n    cluster: do-fra1-falcaoit-prod\n    user: do-fra1-falcaoit-prod-admin\n  name: do-fra1-falcaoit-prod\ncurrent-context: do-fra1-falcaoit-prod\nusers:\n- name: do-fra1-falcaoit-prod-admin\n  user:\n    token: 44e91079b10e0ea2871a593aa360fa5c590f74bad737a2b79b4824136304bb8a\n",
                "token": "44e91079b10e0ea2871a593aa360fa5c590f74bad737a2b79b4824136304bb8a"
              }
            ],
            "maintenance_policy": [
              {
                "day": "any",
                "duration": "4h0m0s",
                "start_time": "8:00"
              }
            ],
            "name": "pool-cognodes",
            "node_pool": [
              {
                "actual_node_count": 2,
                "auto_scale": true,
                "id": "b1c01076-6170-434f-b5e8-0e596d11a397",
                "labels": {},
                "max_nodes": 3,
                "min_nodes": 2,
                "name": "pool-cognodes",
                "node_count": 0,
                "nodes": [
                  {
                    "created_at": "2021-12-13 00:40:20 +0000 UTC",
                    "droplet_id": "277610067",
                    "id": "3310bae3-040c-4c05-9060-8025832c401f",
                    "name": "pool-cognodes-ugt3r",
                    "status": "running",
                    "updated_at": "2021-12-13 00:41:00 +0000 UTC"
                  },
                  {
                    "created_at": "2021-12-13 00:40:20 +0000 UTC",
                    "droplet_id": "277610068",
                    "id": "7c92660f-32f9-4ce8-9c54-d4cd06e4b969",
                    "name": "pool-cognodes-ugt3b",
                    "status": "running",
                    "updated_at": "2021-12-13 00:41:00 +0000 UTC"
                  }
                ],
                "size": "s-1vcpu-2gb",
                "tags": [],
                "taint": []
              }
            ],
            "region": "fra1",
            "service_subnet": "10.245.0.0/16",
            "status": "running",
            "surge_upgrade": true,
            "tags": [
              "cognodes",
              "pythonclinic",
              "visualcues"
            ],
            "timeouts": {
              "create": null
            },
            "updated_at": "2021-12-13 00:46:12 +0000 UTC",
            "urn": "do:kubernetes:a3e1e65a-5166-466a-8327-c90b3f6e426a",
            "version": "1.19.15-do.0",
            "vpc_uuid": "f6e022f3-dc84-11e8-8b13-3cfdfea9f160"
          },
          "sensitive_attributes": [],
          "private": "eyJlMmJmYjczMC1lY2FhLTExZTYtOGY4OC0zNDM2M2JjN2M0YzAiOnsiY3JlYXRlIjoxODAwMDAwMDAwMDAwfSwic2NoZW1hX3ZlcnNpb24iOiIzIn0=",
          "dependencies": [
            "data.digitalocean_kubernetes_versions.cognodes"
          ]
        }
      ]
    },
    {
      "mode": "managed",
      "type": "digitalocean_record",
      "name": "MX1_codepoe_ms",
      "provider": "provider[\"registry.terraform.io/digitalocean/digitalocean\"]",
      "instances": [
        {
          "schema_version": 0,
          "attributes": {
            "domain": "codepoe.ms",
            "flags": 0,
            "fqdn": "codepoe.ms",
            "id": "22393000",
            "name": "@",
            "port": 0,
            "priority": 10,
            "tag": "",
            "ttl": 300,
            "type": "MX",
            "value": "@",
            "weight": 0
          },
          "sensitive_attributes": [],
          "private": "eyJzY2hlbWFfdmVyc2lvbiI6IjAifQ==",
          "dependencies": [
            "digitalocean_domain.codepoe_ms"
          ]
        }
      ]
    },
    {
      "mode": "managed",
      "type": "digitalocean_record",
      "name": "MX1_cognod_es",
      "provider": "provider[\"registry.terraform.io/digitalocean/digitalocean\"]",
      "instances": [
        {
          "schema_version": 0,
          "attributes": {
            "domain": "cognod.es",
            "flags": 0,
            "fqdn": "cognod.es",
            "id": "102024924",
            "name": "@",
            "port": 0,
            "priority": 10,
            "tag": "",
            "ttl": 600,
            "type": "MX",
            "value": "mail.cognod.es",
            "weight": 0
          },
          "sensitive_attributes": [],
          "private": "bnVsbA==",
          "dependencies": [
            "digitalocean_domain.cognod_es"
          ]
        }
      ]
    },
    {
      "mode": "managed",
      "type": "digitalocean_record",
      "name": "MX1_falcao_it",
      "provider": "provider[\"registry.terraform.io/digitalocean/digitalocean\"]",
      "instances": [
        {
          "schema_version": 0,
          "attributes": {
            "domain": "falcao.it",
            "flags": 0,
            "fqdn": "falcao.it",
            "id": "20246109",
            "name": "@",
            "port": 0,
            "priority": 50,
            "tag": "",
            "ttl": 600,
            "type": "MX",
            "value": "mail.falcao.it",
            "weight": 0
          },
          "sensitive_attributes": [],
          "private": "bnVsbA==",
          "dependencies": [
            "digitalocean_domain.falcao_it"
          ]
        }
      ]
    },
    {
      "mode": "managed",
      "type": "digitalocean_record",
      "name": "MX1_r131733_xyz",
      "provider": "provider[\"registry.terraform.io/digitalocean/digitalocean\"]",
      "instances": [
        {
          "schema_version": 0,
          "attributes": {
            "domain": "r131733.xyz",
            "flags": 0,
            "fqdn": "r131733.xyz",
            "id": "20246128",
            "name": "@",
            "port": 0,
            "priority": 100,
            "tag": "",
            "ttl": 1800,
            "type": "MX",
            "value": "mail.r131733.xyz",
            "weight": 0
          },
          "sensitive_attributes": [],
          "private": "bnVsbA==",
          "dependencies": [
            "digitalocean_domain.r131733_xyz"
          ]
        }
      ]
    },
    {
      "mode": "managed",
      "type": "digitalocean_record",
      "name": "MX1_visualcu_es",
      "provider": "provider[\"registry.terraform.io/digitalocean/digitalocean\"]",
      "instances": [
        {
          "schema_version": 0,
          "attributes": {
            "domain": "visualcu.es",
            "flags": 0,
            "fqdn": "visualcu.es",
            "id": "20247781",
            "name": "@",
            "port": 0,
            "priority": 50,
            "tag": "",
            "ttl": 1800,
            "type": "MX",
            "value": "mail.visualcu.es",
            "weight": 0
          },
          "sensitive_attributes": [],
          "private": "bnVsbA==",
          "dependencies": [
            "digitalocean_domain.visualcu_es"
          ]
        }
      ]
    },
    {
      "mode": "managed",
      "type": "digitalocean_record",
      "name": "MX1_wavemanda_la",
      "provider": "provider[\"registry.terraform.io/digitalocean/digitalocean\"]",
      "instances": [
        {
          "schema_version": 0,
          "attributes": {
            "domain": "wavemanda.la",
            "flags": 0,
            "fqdn": "wavemanda.la",
            "id": "20247788",
            "name": "@",
            "port": 0,
            "priority": 50,
            "tag": "",
            "ttl": 1800,
            "type": "MX",
            "value": "mail.wavemanda.la",
            "weight": 0
          },
          "sensitive_attributes": [],
          "private": "bnVsbA==",
          "dependencies": [
            "digitalocean_domain.wavemanda_la"
          ]
        }
      ]
    },
    {
      "mode": "managed",
      "type": "digitalocean_record",
      "name": "MX2_cognod_es",
      "provider": "provider[\"registry.terraform.io/digitalocean/digitalocean\"]",
      "instances": [
        {
          "schema_version": 0,
          "attributes": {
            "domain": "cognod.es",
            "flags": 0,
            "fqdn": "cognod.es",
            "id": "102140578",
            "name": "@",
            "port": 0,
            "priority": 10,
            "tag": "",
            "ttl": 300,
            "type": "MX",
            "value": "@",
            "weight": 0
          },
          "sensitive_attributes": [],
          "private": "eyJzY2hlbWFfdmVyc2lvbiI6IjAifQ==",
          "dependencies": [
            "digitalocean_domain.cognod_es"
          ]
        }
      ]
    },
    {
      "mode": "managed",
      "type": "digitalocean_record",
      "name": "MX2_r131733_xyz",
      "provider": "provider[\"registry.terraform.io/digitalocean/digitalocean\"]",
      "instances": [
        {
          "schema_version": 0,
          "attributes": {
            "domain": "r131733.xyz",
            "flags": 0,
            "fqdn": "r131733.xyz",
            "id": "20246130",
            "name": "@",
            "port": 0,
            "priority": 50,
            "tag": "",
            "ttl": 1800,
            "type": "MX",
            "value": "mail.r131733.xyz",
            "weight": 0
          },
          "sensitive_attributes": [],
          "private": "bnVsbA==",
          "dependencies": [
            "digitalocean_domain.r131733_xyz"
          ]
        }
      ]
    },
    {
      "mode": "managed",
      "type": "digitalocean_record",
      "name": "NS1_codepoe_ms",
      "provider": "provider[\"registry.terraform.io/digitalocean/digitalocean\"]",
      "instances": [
        {
          "schema_version": 0,
          "attributes": {
            "domain": "codepoe.ms",
            "flags": 0,
            "fqdn": "codepoe.ms",
            "id": "20229894",
            "name": "@",
            "port": 0,
            "priority": 0,
            "tag": "",
            "ttl": 1800,
            "type": "NS",
            "value": "ns1.digitalocean.com",
            "weight": 0
          },
          "sensitive_attributes": [],
          "private": "bnVsbA==",
          "dependencies": [
            "digitalocean_domain.codepoe_ms"
          ]
        }
      ]
    },
    {
      "mode": "managed",
      "type": "digitalocean_record",
      "name": "NS1_codervana_io",
      "provider": "provider[\"registry.terraform.io/digitalocean/digitalocean\"]",
      "instances": [
        {
          "schema_version": 0,
          "attributes": {
            "domain": "codervana.io",
            "flags": 0,
            "fqdn": "codervana.io",
            "id": "99376808",
            "name": "@",
            "port": 0,
            "priority": 0,
            "tag": "",
            "ttl": 1800,
            "type": "NS",
            "value": "ns1.digitalocean.com",
            "weight": 0
          },
          "sensitive_attributes": [],
          "private": "bnVsbA==",
          "dependencies": [
            "digitalocean_domain.codervana_io"
          ]
        }
      ]
    },
    {
      "mode": "managed",
      "type": "digitalocean_record",
      "name": "NS1_cognod_es",
      "provider": "provider[\"registry.terraform.io/digitalocean/digitalocean\"]",
      "instances": [
        {
          "schema_version": 0,
          "attributes": {
            "domain": "cognod.es",
            "flags": 0,
            "fqdn": "cognod.es",
            "id": "100103689",
            "name": "@",
            "port": 0,
            "priority": 0,
            "tag": "",
            "ttl": 1800,
            "type": "NS",
            "value": "ns1.digitalocean.com",
            "weight": 0
          },
          "sensitive_attributes": [],
          "private": "bnVsbA==",
          "dependencies": [
            "digitalocean_domain.cognod_es"
          ]
        }
      ]
    },
    {
      "mode": "managed",
      "type": "digitalocean_record",
      "name": "NS1_falcao_it",
      "provider": "provider[\"registry.terraform.io/digitalocean/digitalocean\"]",
      "instances": [
        {
          "schema_version": 0,
          "attributes": {
            "domain": "falcao.it",
            "flags": 0,
            "fqdn": "falcao.it",
            "id": "14889353",
            "name": "@",
            "port": 0,
            "priority": 0,
            "tag": "",
            "ttl": 1800,
            "type": "NS",
            "value": "ns1.digitalocean.com",
            "weight": 0
          },
          "sensitive_attributes": [],
          "private": "bnVsbA==",
          "dependencies": [
            "digitalocean_domain.falcao_it"
          ]
        }
      ]
    },
    {
      "mode": "managed",
      "type": "digitalocean_record",
      "name": "NS1_python_clinic",
      "provider": "provider[\"registry.terraform.io/digitalocean/digitalocean\"]",
      "instances": [
        {
          "schema_version": 0,
          "attributes": {
            "domain": "python.clinic",
            "flags": 0,
            "fqdn": "python.clinic",
            "id": "41661551",
            "name": "@",
            "port": 0,
            "priority": 0,
            "tag": "",
            "ttl": 1800,
            "type": "NS",
            "value": "ns1.digitalocean.com",
            "weight": 0
          },
          "sensitive_attributes": [],
          "private": "bnVsbA==",
          "dependencies": [
            "digitalocean_domain.python_clinic"
          ]
        }
      ]
    },
    {
      "mode": "managed",
      "type": "digitalocean_record",
      "name": "NS1_r131733_xyz",
      "provider": "provider[\"registry.terraform.io/digitalocean/digitalocean\"]",
      "instances": [
        {
          "schema_version": 0,
          "attributes": {
            "domain": "r131733.xyz",
            "flags": 0,
            "fqdn": "r131733.xyz",
            "id": "20223927",
            "name": "@",
            "port": 0,
            "priority": 0,
            "tag": "",
            "ttl": 1800,
            "type": "NS",
            "value": "ns1.digitalocean.com",
            "weight": 0
          },
          "sensitive_attributes": [],
          "private": "bnVsbA==",
          "dependencies": [
            "digitalocean_domain.r131733_xyz"
          ]
        }
      ]
    },
    {
      "mode": "managed",
      "type": "digitalocean_record",
      "name": "NS1_visualcu_es",
      "provider": "provider[\"registry.terraform.io/digitalocean/digitalocean\"]",
      "instances": [
        {
          "schema_version": 0,
          "attributes": {
            "domain": "visualcu.es",
            "flags": 0,
            "fqdn": "visualcu.es",
            "id": "13001389",
            "name": "@",
            "port": 0,
            "priority": 0,
            "tag": "",
            "ttl": 1800,
            "type": "NS",
            "value": "ns1.digitalocean.com",
            "weight": 0
          },
          "sensitive_attributes": [],
          "private": "bnVsbA==",
          "dependencies": [
            "digitalocean_domain.visualcu_es"
          ]
        }
      ]
    },
    {
      "mode": "managed",
      "type": "digitalocean_record",
      "name": "NS1_wavemanda_la",
      "provider": "provider[\"registry.terraform.io/digitalocean/digitalocean\"]",
      "instances": [
        {
          "schema_version": 0,
          "attributes": {
            "domain": "wavemanda.la",
            "flags": 0,
            "fqdn": "wavemanda.la",
            "id": "13048915",
            "name": "@",
            "port": 0,
            "priority": 0,
            "tag": "",
            "ttl": 1800,
            "type": "NS",
            "value": "ns1.digitalocean.com",
            "weight": 0
          },
          "sensitive_attributes": [],
          "private": "bnVsbA==",
          "dependencies": [
            "digitalocean_domain.wavemanda_la"
          ]
        }
      ]
    },
    {
      "mode": "managed",
      "type": "digitalocean_record",
      "name": "NS2_codepoe_ms",
      "provider": "provider[\"registry.terraform.io/digitalocean/digitalocean\"]",
      "instances": [
        {
          "schema_version": 0,
          "attributes": {
            "domain": "codepoe.ms",
            "flags": 0,
            "fqdn": "codepoe.ms",
            "id": "20229895",
            "name": "@",
            "port": 0,
            "priority": 0,
            "tag": "",
            "ttl": 1800,
            "type": "NS",
            "value": "ns2.digitalocean.com",
            "weight": 0
          },
          "sensitive_attributes": [],
          "private": "bnVsbA==",
          "dependencies": [
            "digitalocean_domain.codepoe_ms"
          ]
        }
      ]
    },
    {
      "mode": "managed",
      "type": "digitalocean_record",
      "name": "NS2_codervana_io",
      "provider": "provider[\"registry.terraform.io/digitalocean/digitalocean\"]",
      "instances": [
        {
          "schema_version": 0,
          "attributes": {
            "domain": "codervana.io",
            "flags": 0,
            "fqdn": "codervana.io",
            "id": "99376809",
            "name": "@",
            "port": 0,
            "priority": 0,
            "tag": "",
            "ttl": 1800,
            "type": "NS",
            "value": "ns2.digitalocean.com",
            "weight": 0
          },
          "sensitive_attributes": [],
          "private": "bnVsbA==",
          "dependencies": [
            "digitalocean_domain.codervana_io"
          ]
        }
      ]
    },
    {
      "mode": "managed",
      "type": "digitalocean_record",
      "name": "NS2_cognod_es",
      "provider": "provider[\"registry.terraform.io/digitalocean/digitalocean\"]",
      "instances": [
        {
          "schema_version": 0,
          "attributes": {
            "domain": "cognod.es",
            "flags": 0,
            "fqdn": "cognod.es",
            "id": "100103690",
            "name": "@",
            "port": 0,
            "priority": 0,
            "tag": "",
            "ttl": 1800,
            "type": "NS",
            "value": "ns2.digitalocean.com",
            "weight": 0
          },
          "sensitive_attributes": [],
          "private": "bnVsbA==",
          "dependencies": [
            "digitalocean_domain.cognod_es"
          ]
        }
      ]
    },
    {
      "mode": "managed",
      "type": "digitalocean_record",
      "name": "NS2_falcao_it",
      "provider": "provider[\"registry.terraform.io/digitalocean/digitalocean\"]",
      "instances": [
        {
          "schema_version": 0,
          "attributes": {
            "domain": "falcao.it",
            "flags": 0,
            "fqdn": "falcao.it",
            "id": "14889354",
            "name": "@",
            "port": 0,
            "priority": 0,
            "tag": "",
            "ttl": 1800,
            "type": "NS",
            "value": "ns2.digitalocean.com",
            "weight": 0
          },
          "sensitive_attributes": [],
          "private": "bnVsbA==",
          "dependencies": [
            "digitalocean_domain.falcao_it"
          ]
        }
      ]
    },
    {
      "mode": "managed",
      "type": "digitalocean_record",
      "name": "NS2_python_clinic",
      "provider": "provider[\"registry.terraform.io/digitalocean/digitalocean\"]",
      "instances": [
        {
          "schema_version": 0,
          "attributes": {
            "domain": "python.clinic",
            "flags": 0,
            "fqdn": "python.clinic",
            "id": "41661552",
            "name": "@",
            "port": 0,
            "priority": 0,
            "tag": "",
            "ttl": 1800,
            "type": "NS",
            "value": "ns2.digitalocean.com",
            "weight": 0
          },
          "sensitive_attributes": [],
          "private": "bnVsbA==",
          "dependencies": [
            "digitalocean_domain.python_clinic"
          ]
        }
      ]
    },
    {
      "mode": "managed",
      "type": "digitalocean_record",
      "name": "NS2_r131733_xyz",
      "provider": "provider[\"registry.terraform.io/digitalocean/digitalocean\"]",
      "instances": [
        {
          "schema_version": 0,
          "attributes": {
            "domain": "r131733.xyz",
            "flags": 0,
            "fqdn": "r131733.xyz",
            "id": "20223928",
            "name": "@",
            "port": 0,
            "priority": 0,
            "tag": "",
            "ttl": 1800,
            "type": "NS",
            "value": "ns2.digitalocean.com",
            "weight": 0
          },
          "sensitive_attributes": [],
          "private": "bnVsbA==",
          "dependencies": [
            "digitalocean_domain.r131733_xyz"
          ]
        }
      ]
    },
    {
      "mode": "managed",
      "type": "digitalocean_record",
      "name": "NS2_visualcu_es",
      "provider": "provider[\"registry.terraform.io/digitalocean/digitalocean\"]",
      "instances": [
        {
          "schema_version": 0,
          "attributes": {
            "domain": "visualcu.es",
            "flags": 0,
            "fqdn": "visualcu.es",
            "id": "13001390",
            "name": "@",
            "port": 0,
            "priority": 0,
            "tag": "",
            "ttl": 1800,
            "type": "NS",
            "value": "ns2.digitalocean.com",
            "weight": 0
          },
          "sensitive_attributes": [],
          "private": "bnVsbA==",
          "dependencies": [
            "digitalocean_domain.visualcu_es"
          ]
        }
      ]
    },
    {
      "mode": "managed",
      "type": "digitalocean_record",
      "name": "NS2_wavemanda_la",
      "provider": "provider[\"registry.terraform.io/digitalocean/digitalocean\"]",
      "instances": [
        {
          "schema_version": 0,
          "attributes": {
            "domain": "wavemanda.la",
            "flags": 0,
            "fqdn": "wavemanda.la",
            "id": "13048916",
            "name": "@",
            "port": 0,
            "priority": 0,
            "tag": "",
            "ttl": 1800,
            "type": "NS",
            "value": "ns2.digitalocean.com",
            "weight": 0
          },
          "sensitive_attributes": [],
          "private": "bnVsbA==",
          "dependencies": [
            "digitalocean_domain.wavemanda_la"
          ]
        }
      ]
    },
    {
      "mode": "managed",
      "type": "digitalocean_record",
      "name": "NS3_codepoe_ms",
      "provider": "provider[\"registry.terraform.io/digitalocean/digitalocean\"]",
      "instances": [
        {
          "schema_version": 0,
          "attributes": {
            "domain": "codepoe.ms",
            "flags": 0,
            "fqdn": "codepoe.ms",
            "id": "20229896",
            "name": "@",
            "port": 0,
            "priority": 0,
            "tag": "",
            "ttl": 1800,
            "type": "NS",
            "value": "ns3.digitalocean.com",
            "weight": 0
          },
          "sensitive_attributes": [],
          "private": "bnVsbA==",
          "dependencies": [
            "digitalocean_domain.codepoe_ms"
          ]
        }
      ]
    },
    {
      "mode": "managed",
      "type": "digitalocean_record",
      "name": "NS3_codervana_io",
      "provider": "provider[\"registry.terraform.io/digitalocean/digitalocean\"]",
      "instances": [
        {
          "schema_version": 0,
          "attributes": {
            "domain": "codervana.io",
            "flags": 0,
            "fqdn": "codervana.io",
            "id": "99376815",
            "name": "@",
            "port": 0,
            "priority": 0,
            "tag": "",
            "ttl": 1800,
            "type": "NS",
            "value": "ns3.digitalocean.com",
            "weight": 0
          },
          "sensitive_attributes": [],
          "private": "bnVsbA==",
          "dependencies": [
            "digitalocean_domain.codervana_io"
          ]
        }
      ]
    },
    {
      "mode": "managed",
      "type": "digitalocean_record",
      "name": "NS3_cognod_es",
      "provider": "provider[\"registry.terraform.io/digitalocean/digitalocean\"]",
      "instances": [
        {
          "schema_version": 0,
          "attributes": {
            "domain": "cognod.es",
            "flags": 0,
            "fqdn": "cognod.es",
            "id": "100103691",
            "name": "@",
            "port": 0,
            "priority": 0,
            "tag": "",
            "ttl": 1800,
            "type": "NS",
            "value": "ns3.digitalocean.com",
            "weight": 0
          },
          "sensitive_attributes": [],
          "private": "bnVsbA==",
          "dependencies": [
            "digitalocean_domain.cognod_es"
          ]
        }
      ]
    },
    {
      "mode": "managed",
      "type": "digitalocean_record",
      "name": "NS3_falcao_it",
      "provider": "provider[\"registry.terraform.io/digitalocean/digitalocean\"]",
      "instances": [
        {
          "schema_version": 0,
          "attributes": {
            "domain": "falcao.it",
            "flags": 0,
            "fqdn": "falcao.it",
            "id": "14889355",
            "name": "@",
            "port": 0,
            "priority": 0,
            "tag": "",
            "ttl": 1800,
            "type": "NS",
            "value": "ns3.digitalocean.com",
            "weight": 0
          },
          "sensitive_attributes": [],
          "private": "bnVsbA==",
          "dependencies": [
            "digitalocean_domain.falcao_it"
          ]
        }
      ]
    },
    {
      "mode": "managed",
      "type": "digitalocean_record",
      "name": "NS3_python_clinic",
      "provider": "provider[\"registry.terraform.io/digitalocean/digitalocean\"]",
      "instances": [
        {
          "schema_version": 0,
          "attributes": {
            "domain": "python.clinic",
            "flags": 0,
            "fqdn": "python.clinic",
            "id": "41661553",
            "name": "@",
            "port": 0,
            "priority": 0,
            "tag": "",
            "ttl": 1800,
            "type": "NS",
            "value": "ns3.digitalocean.com",
            "weight": 0
          },
          "sensitive_attributes": [],
          "private": "bnVsbA==",
          "dependencies": [
            "digitalocean_domain.python_clinic"
          ]
        }
      ]
    },
    {
      "mode": "managed",
      "type": "digitalocean_record",
      "name": "NS3_r131733_xyz",
      "provider": "provider[\"registry.terraform.io/digitalocean/digitalocean\"]",
      "instances": [
        {
          "schema_version": 0,
          "attributes": {
            "domain": "r131733.xyz",
            "flags": 0,
            "fqdn": "r131733.xyz",
            "id": "20223929",
            "name": "@",
            "port": 0,
            "priority": 0,
            "tag": "",
            "ttl": 1800,
            "type": "NS",
            "value": "ns3.digitalocean.com",
            "weight": 0
          },
          "sensitive_attributes": [],
          "private": "bnVsbA==",
          "dependencies": [
            "digitalocean_domain.r131733_xyz"
          ]
        }
      ]
    },
    {
      "mode": "managed",
      "type": "digitalocean_record",
      "name": "NS3_visualcu_es",
      "provider": "provider[\"registry.terraform.io/digitalocean/digitalocean\"]",
      "instances": [
        {
          "schema_version": 0,
          "attributes": {
            "domain": "visualcu.es",
            "flags": 0,
            "fqdn": "visualcu.es",
            "id": "13001391",
            "name": "@",
            "port": 0,
            "priority": 0,
            "tag": "",
            "ttl": 1800,
            "type": "NS",
            "value": "ns3.digitalocean.com",
            "weight": 0
          },
          "sensitive_attributes": [],
          "private": "bnVsbA==",
          "dependencies": [
            "digitalocean_domain.visualcu_es"
          ]
        }
      ]
    },
    {
      "mode": "managed",
      "type": "digitalocean_record",
      "name": "NS3_wavemanda_la",
      "provider": "provider[\"registry.terraform.io/digitalocean/digitalocean\"]",
      "instances": [
        {
          "schema_version": 0,
          "attributes": {
            "domain": "wavemanda.la",
            "flags": 0,
            "fqdn": "wavemanda.la",
            "id": "13048917",
            "name": "@",
            "port": 0,
            "priority": 0,
            "tag": "",
            "ttl": 1800,
            "type": "NS",
            "value": "ns3.digitalocean.com",
            "weight": 0
          },
          "sensitive_attributes": [],
          "private": "bnVsbA==",
          "dependencies": [
            "digitalocean_domain.wavemanda_la"
          ]
        }
      ]
    },
    {
      "mode": "managed",
      "type": "digitalocean_record",
      "name": "SOA1_codepoe_ms",
      "provider": "provider[\"registry.terraform.io/digitalocean/digitalocean\"]",
      "instances": [
        {
          "schema_version": 0,
          "attributes": {
            "domain": "codepoe.ms",
            "flags": 0,
            "fqdn": "codepoe.ms",
            "id": "20229893",
            "name": "@",
            "port": 0,
            "priority": 0,
            "tag": "",
            "ttl": 1800,
            "type": "SOA",
            "value": "1800",
            "weight": 0
          },
          "sensitive_attributes": [],
          "private": "eyJzY2hlbWFfdmVyc2lvbiI6IjAifQ=="
        }
      ]
    },
    {
      "mode": "managed",
      "type": "digitalocean_record",
      "name": "SOA1_codervana_io",
      "provider": "provider[\"registry.terraform.io/digitalocean/digitalocean\"]",
      "instances": [
        {
          "schema_version": 0,
          "attributes": {
            "domain": "codervana.io",
            "flags": 0,
            "fqdn": "codervana.io",
            "id": "99376807",
            "name": "@",
            "port": 0,
            "priority": 0,
            "tag": "",
            "ttl": 1800,
            "type": "SOA",
            "value": "1800",
            "weight": 0
          },
          "sensitive_attributes": [],
          "private": "eyJzY2hlbWFfdmVyc2lvbiI6IjAifQ=="
        }
      ]
    },
    {
      "mode": "managed",
      "type": "digitalocean_record",
      "name": "SOA1_cognod_es",
      "provider": "provider[\"registry.terraform.io/digitalocean/digitalocean\"]",
      "instances": [
        {
          "schema_version": 0,
          "attributes": {
            "domain": "cognod.es",
            "flags": 0,
            "fqdn": "cognod.es",
            "id": "100103688",
            "name": "@",
            "port": 0,
            "priority": 0,
            "tag": "",
            "ttl": 1800,
            "type": "SOA",
            "value": "1800",
            "weight": 0
          },
          "sensitive_attributes": [],
          "private": "eyJzY2hlbWFfdmVyc2lvbiI6IjAifQ=="
        }
      ]
    },
    {
      "mode": "managed",
      "type": "digitalocean_record",
      "name": "SOA1_visualcu_es",
      "provider": "provider[\"registry.terraform.io/digitalocean/digitalocean\"]",
      "instances": [
        {
          "schema_version": 0,
          "attributes": {
            "domain": "visualcu.es",
            "flags": 0,
            "fqdn": "visualcu.es",
            "id": "13001388",
            "name": "@",
            "port": 0,
            "priority": 0,
            "tag": "",
            "ttl": 1800,
            "type": "SOA",
            "value": "1800",
            "weight": 0
          },
          "sensitive_attributes": [],
          "private": "eyJzY2hlbWFfdmVyc2lvbiI6IjAifQ=="
        }
      ]
    },
    {
      "mode": "managed",
      "type": "digitalocean_record",
      "name": "TXT1_falcao_it",
      "provider": "provider[\"registry.terraform.io/digitalocean/digitalocean\"]",
      "instances": [
        {
          "schema_version": 0,
          "attributes": {
            "domain": "falcao.it",
            "flags": 0,
            "fqdn": "falcao.it",
            "id": "29327637",
            "name": "@",
            "port": 0,
            "priority": 0,
            "tag": "",
            "ttl": 3600,
            "type": "TXT",
            "value": "keybase-site-verification=d31-Lh0frlWRFFa1nq7VxfPKxzgwwyNe-UQ6ZajRSQ4",
            "weight": 0
          },
          "sensitive_attributes": [],
          "private": "eyJzY2hlbWFfdmVyc2lvbiI6IjAifQ==",
          "dependencies": [
            "digitalocean_domain.falcao_it"
          ]
        }
      ]
    },
    {
      "mode": "managed",
      "type": "digitalocean_record",
      "name": "admin_python_clinic",
      "provider": "provider[\"registry.terraform.io/digitalocean/digitalocean\"]",
      "instances": [
        {
          "schema_version": 0,
          "attributes": {
            "domain": "python.clinic",
            "flags": 0,
            "fqdn": "admin.python.clinic",
            "id": "41686581",
            "name": "admin",
            "port": 0,
            "priority": 0,
            "tag": "",
            "ttl": 300,
            "type": "CNAME",
            "value": "@",
            "weight": 0
          },
          "sensitive_attributes": [],
          "private": "eyJzY2hlbWFfdmVyc2lvbiI6IjAifQ==",
          "dependencies": [
            "digitalocean_domain.python_clinic"
          ]
        }
      ]
    },
    {
      "mode": "managed",
      "type": "digitalocean_record",
      "name": "api_cognod_es",
      "provider": "provider[\"registry.terraform.io/digitalocean/digitalocean\"]",
      "instances": [
        {
          "schema_version": 0,
          "attributes": {
            "domain": "cognod.es",
            "flags": 0,
            "fqdn": "api.cognod.es",
            "id": "102013602",
            "name": "api",
            "port": 0,
            "priority": 0,
            "tag": "",
            "ttl": 300,
            "type": "CNAME",
            "value": "@",
            "weight": 0
          },
          "sensitive_attributes": [],
          "private": "eyJzY2hlbWFfdmVyc2lvbiI6IjAifQ==",
          "dependencies": [
            "digitalocean_domain.cognod_es"
          ]
        }
      ]
    },
    {
      "mode": "managed",
      "type": "digitalocean_record",
      "name": "api_falcao_it",
      "provider": "provider[\"registry.terraform.io/digitalocean/digitalocean\"]",
      "instances": [
        {
          "schema_version": 0,
          "attributes": {
            "domain": "falcao.it",
            "flags": 0,
            "fqdn": "api.falcao.it",
            "id": "22235877",
            "name": "api",
            "port": 0,
            "priority": 0,
            "tag": "",
            "ttl": 300,
            "type": "CNAME",
            "value": "@",
            "weight": 0
          },
          "sensitive_attributes": [],
          "private": "eyJzY2hlbWFfdmVyc2lvbiI6IjAifQ==",
          "dependencies": [
            "digitalocean_domain.falcao_it"
          ]
        }
      ]
    },
    {
      "mode": "managed",
      "type": "digitalocean_record",
      "name": "api_python_clinic",
      "provider": "provider[\"registry.terraform.io/digitalocean/digitalocean\"]",
      "instances": [
        {
          "schema_version": 0,
          "attributes": {
            "domain": "python.clinic",
            "flags": 0,
            "fqdn": "api.python.clinic",
            "id": "41684280",
            "name": "api",
            "port": 0,
            "priority": 0,
            "tag": "",
            "ttl": 300,
            "type": "CNAME",
            "value": "@",
            "weight": 0
          },
          "sensitive_attributes": [],
          "private": "eyJzY2hlbWFfdmVyc2lvbiI6IjAifQ==",
          "dependencies": [
            "digitalocean_domain.python_clinic"
          ]
        }
      ]
    },
    {
      "mode": "managed",
      "type": "digitalocean_record",
      "name": "api_r131733_xyz",
      "provider": "provider[\"registry.terraform.io/digitalocean/digitalocean\"]",
      "instances": [
        {
          "schema_version": 0,
          "attributes": {
            "domain": "r131733.xyz",
            "flags": 0,
            "fqdn": "api.r131733.xyz",
            "id": "27228311",
            "name": "api",
            "port": 0,
            "priority": 0,
            "tag": "",
            "ttl": 600,
            "type": "CNAME",
            "value": "@",
            "weight": 0
          },
          "sensitive_attributes": [],
          "private": "eyJzY2hlbWFfdmVyc2lvbiI6IjAifQ==",
          "dependencies": [
            "digitalocean_domain.r131733_xyz"
          ]
        }
      ]
    },
    {
      "mode": "managed",
      "type": "digitalocean_record",
      "name": "api_visualcu_es",
      "provider": "provider[\"registry.terraform.io/digitalocean/digitalocean\"]",
      "instances": [
        {
          "schema_version": 0,
          "attributes": {
            "domain": "visualcu.es",
            "flags": 0,
            "fqdn": "api.visualcu.es",
            "id": "102027104",
            "name": "api",
            "port": 0,
            "priority": 0,
            "tag": "",
            "ttl": 300,
            "type": "CNAME",
            "value": "@",
            "weight": 0
          },
          "sensitive_attributes": [],
          "private": "eyJzY2hlbWFfdmVyc2lvbiI6IjAifQ==",
          "dependencies": [
            "digitalocean_domain.visualcu_es"
          ]
        }
      ]
    },
    {
      "mode": "managed",
      "type": "digitalocean_record",
      "name": "app_codepoe_ms",
      "provider": "provider[\"registry.terraform.io/digitalocean/digitalocean\"]",
      "instances": [
        {
          "schema_version": 0,
          "attributes": {
            "domain": "codepoe.ms",
            "flags": 0,
            "fqdn": "app.codepoe.ms",
            "id": "99383521",
            "name": "app",
            "port": 0,
            "priority": 0,
            "tag": "",
            "ttl": 300,
            "type": "CNAME",
            "value": "@",
            "weight": 0
          },
          "sensitive_attributes": [],
          "private": "eyJzY2hlbWFfdmVyc2lvbiI6IjAifQ==",
          "dependencies": [
            "digitalocean_domain.codepoe_ms"
          ]
        }
      ]
    },
    {
      "mode": "managed",
      "type": "digitalocean_record",
      "name": "app_cognod_es",
      "provider": "provider[\"registry.terraform.io/digitalocean/digitalocean\"]",
      "instances": [
        {
          "schema_version": 0,
          "attributes": {
            "domain": "cognod.es",
            "flags": 0,
            "fqdn": "app.cognod.es",
            "id": "102013599",
            "name": "app",
            "port": 0,
            "priority": 0,
            "tag": "",
            "ttl": 600,
            "type": "CNAME",
            "value": "@",
            "weight": 0
          },
          "sensitive_attributes": [],
          "private": "eyJzY2hlbWFfdmVyc2lvbiI6IjAifQ==",
          "dependencies": [
            "digitalocean_domain.cognod_es"
          ]
        }
      ]
    },
    {
      "mode": "managed",
      "type": "digitalocean_record",
      "name": "app_visualcu_es",
      "provider": "provider[\"registry.terraform.io/digitalocean/digitalocean\"]",
      "instances": [
        {
          "schema_version": 0,
          "attributes": {
            "domain": "visualcu.es",
            "flags": 0,
            "fqdn": "app.visualcu.es",
            "id": "99383867",
            "name": "app",
            "port": 0,
            "priority": 0,
            "tag": "",
            "ttl": 300,
            "type": "CNAME",
            "value": "@",
            "weight": 0
          },
          "sensitive_attributes": [],
          "private": "eyJzY2hlbWFfdmVyc2lvbiI6IjAifQ==",
          "dependencies": [
            "digitalocean_domain.visualcu_es"
          ]
        }
      ]
    },
    {
      "mode": "managed",
      "type": "digitalocean_record",
      "name": "blog_codepoe_ms",
      "provider": "provider[\"registry.terraform.io/digitalocean/digitalocean\"]",
      "instances": [
        {
          "schema_version": 0,
          "attributes": {
            "domain": "codepoe.ms",
            "flags": 0,
            "fqdn": "blog.codepoe.ms",
            "id": "99383664",
            "name": "blog",
            "port": 0,
            "priority": 0,
            "tag": "",
            "ttl": 300,
            "type": "CNAME",
            "value": "@",
            "weight": 0
          },
          "sensitive_attributes": [],
          "private": "eyJzY2hlbWFfdmVyc2lvbiI6IjAifQ==",
          "dependencies": [
            "digitalocean_domain.codepoe_ms"
          ]
        }
      ]
    },
    {
      "mode": "managed",
      "type": "digitalocean_record",
      "name": "blog_python_clinic",
      "provider": "provider[\"registry.terraform.io/digitalocean/digitalocean\"]",
      "instances": [
        {
          "schema_version": 0,
          "attributes": {
            "domain": "python.clinic",
            "flags": 0,
            "fqdn": "blog.python.clinic",
            "id": "41684304",
            "name": "blog",
            "port": 0,
            "priority": 0,
            "tag": "",
            "ttl": 300,
            "type": "CNAME",
            "value": "@",
            "weight": 0
          },
          "sensitive_attributes": [],
          "private": "eyJzY2hlbWFfdmVyc2lvbiI6IjAifQ==",
          "dependencies": [
            "digitalocean_domain.python_clinic"
          ]
        }
      ]
    },
    {
      "mode": "managed",
      "type": "digitalocean_record",
      "name": "blog_visualcu_es",
      "provider": "provider[\"registry.terraform.io/digitalocean/digitalocean\"]",
      "instances": [
        {
          "schema_version": 0,
          "attributes": {
            "domain": "visualcu.es",
            "flags": 0,
            "fqdn": "blog.visualcu.es",
            "id": "99383864",
            "name": "blog",
            "port": 0,
            "priority": 0,
            "tag": "",
            "ttl": 300,
            "type": "CNAME",
            "value": "@",
            "weight": 0
          },
          "sensitive_attributes": [],
          "private": "eyJzY2hlbWFfdmVyc2lvbiI6IjAifQ==",
          "dependencies": [
            "digitalocean_domain.visualcu_es"
          ]
        }
      ]
    },
    {
      "mode": "managed",
      "type": "digitalocean_record",
      "name": "cdn_python_clinic",
      "provider": "provider[\"registry.terraform.io/digitalocean/digitalocean\"]",
      "instances": [
        {
          "schema_version": 0,
          "attributes": {
            "domain": "python.clinic",
            "flags": 0,
            "fqdn": "cdn.python.clinic",
            "id": "41686551",
            "name": "cdn",
            "port": 0,
            "priority": 0,
            "tag": "",
            "ttl": 300,
            "type": "CNAME",
            "value": "@",
            "weight": 0
          },
          "sensitive_attributes": [],
          "private": "eyJzY2hlbWFfdmVyc2lvbiI6IjAifQ==",
          "dependencies": [
            "digitalocean_domain.python_clinic"
          ]
        }
      ]
    },
    {
      "mode": "managed",
      "type": "digitalocean_record",
      "name": "cdn_r131733_xyz",
      "provider": "provider[\"registry.terraform.io/digitalocean/digitalocean\"]",
      "instances": [
        {
          "schema_version": 0,
          "attributes": {
            "domain": "r131733.xyz",
            "flags": 0,
            "fqdn": "cdn.r131733.xyz",
            "id": "31006923",
            "name": "cdn",
            "port": 0,
            "priority": 0,
            "tag": "",
            "ttl": 600,
            "type": "CNAME",
            "value": "@",
            "weight": 0
          },
          "sensitive_attributes": [],
          "private": "eyJzY2hlbWFfdmVyc2lvbiI6IjAifQ==",
          "dependencies": [
            "digitalocean_domain.r131733_xyz"
          ]
        }
      ]
    },
    {
      "mode": "managed",
      "type": "digitalocean_record",
      "name": "ci_falcao_it",
      "provider": "provider[\"registry.terraform.io/digitalocean/digitalocean\"]",
      "instances": [
        {
          "schema_version": 0,
          "attributes": {
            "domain": "falcao.it",
            "flags": 0,
            "fqdn": "ci.falcao.it",
            "id": "28366649",
            "name": "ci",
            "port": 0,
            "priority": 0,
            "tag": "",
            "ttl": 300,
            "type": "CNAME",
            "value": "@",
            "weight": 0
          },
          "sensitive_attributes": [],
          "private": "eyJzY2hlbWFfdmVyc2lvbiI6IjAifQ==",
          "dependencies": [
            "digitalocean_domain.falcao_it"
          ]
        }
      ]
    },
    {
      "mode": "managed",
      "type": "digitalocean_record",
      "name": "ci_python_clinic",
      "provider": "provider[\"registry.terraform.io/digitalocean/digitalocean\"]",
      "instances": [
        {
          "schema_version": 0,
          "attributes": {
            "domain": "python.clinic",
            "flags": 0,
            "fqdn": "ci.python.clinic",
            "id": "41684377",
            "name": "ci",
            "port": 0,
            "priority": 0,
            "tag": "",
            "ttl": 300,
            "type": "CNAME",
            "value": "@",
            "weight": 0
          },
          "sensitive_attributes": [],
          "private": "eyJzY2hlbWFfdmVyc2lvbiI6IjAifQ==",
          "dependencies": [
            "digitalocean_domain.python_clinic"
          ]
        }
      ]
    },
    {
      "mode": "managed",
      "type": "digitalocean_record",
      "name": "cnd_r131733_xyz",
      "provider": "provider[\"registry.terraform.io/digitalocean/digitalocean\"]",
      "instances": [
        {
          "schema_version": 0,
          "attributes": {
            "domain": "r131733.xyz",
            "flags": 0,
            "fqdn": "cnd.r131733.xyz",
            "id": "31006909",
            "name": "cnd",
            "port": 0,
            "priority": 0,
            "tag": "",
            "ttl": 600,
            "type": "CNAME",
            "value": "@",
            "weight": 0
          },
          "sensitive_attributes": [],
          "private": "eyJzY2hlbWFfdmVyc2lvbiI6IjAifQ==",
          "dependencies": [
            "digitalocean_domain.r131733_xyz"
          ]
        }
      ]
    },
    {
      "mode": "managed",
      "type": "digitalocean_record",
      "name": "codepoe_ms_codepoe_ms",
      "provider": "provider[\"registry.terraform.io/digitalocean/digitalocean\"]",
      "instances": [
        {
          "schema_version": 0,
          "attributes": {
            "domain": "codepoe.ms",
            "flags": 0,
            "fqdn": "codepoe.ms",
            "id": "20229897",
            "name": "@",
            "port": 0,
            "priority": 0,
            "tag": "",
            "ttl": 300,
            "type": "A",
            "value": "164.90.240.88",
            "weight": 0
          },
          "sensitive_attributes": [],
          "private": "eyJzY2hlbWFfdmVyc2lvbiI6IjAifQ==",
          "dependencies": [
            "digitalocean_domain.codepoe_ms"
          ]
        }
      ]
    },
    {
      "mode": "managed",
      "type": "digitalocean_record",
      "name": "codervana_io_codervana_io",
      "provider": "provider[\"registry.terraform.io/digitalocean/digitalocean\"]",
      "instances": [
        {
          "schema_version": 0,
          "attributes": {
            "domain": "codervana.io",
            "flags": 0,
            "fqdn": "codervana.io",
            "id": "99376970",
            "name": "@",
            "port": 0,
            "priority": 0,
            "tag": "",
            "ttl": 300,
            "type": "A",
            "value": "164.90.240.88",
            "weight": 0
          },
          "sensitive_attributes": [],
          "private": "eyJzY2hlbWFfdmVyc2lvbiI6IjAifQ==",
          "dependencies": [
            "digitalocean_domain.codervana_io"
          ]
        }
      ]
    },
    {
      "mode": "managed",
      "type": "digitalocean_record",
      "name": "cognod_es_cognod_es",
      "provider": "provider[\"registry.terraform.io/digitalocean/digitalocean\"]",
      "instances": [
        {
          "schema_version": 0,
          "attributes": {
            "domain": "cognod.es",
            "flags": 0,
            "fqdn": "cognod.es",
            "id": "102013567",
            "name": "@",
            "port": 0,
            "priority": 0,
            "tag": "",
            "ttl": 300,
            "type": "A",
            "value": "174.138.101.139",
            "weight": 0
          },
          "sensitive_attributes": [],
          "private": "eyJzY2hlbWFfdmVyc2lvbiI6IjAifQ==",
          "dependencies": [
            "digitalocean_domain.cognod_es"
          ]
        }
      ]
    },
    {
      "mode": "managed",
      "type": "digitalocean_record",
      "name": "crypto_codepoe_ms",
      "provider": "provider[\"registry.terraform.io/digitalocean/digitalocean\"]",
      "instances": [
        {
          "schema_version": 0,
          "attributes": {
            "domain": "codepoe.ms",
            "flags": 0,
            "fqdn": "crypto.codepoe.ms",
            "id": "99383745",
            "name": "crypto",
            "port": 0,
            "priority": 0,
            "tag": "",
            "ttl": 300,
            "type": "CNAME",
            "value": "@",
            "weight": 0
          },
          "sensitive_attributes": [],
          "private": "eyJzY2hlbWFfdmVyc2lvbiI6IjAifQ==",
          "dependencies": [
            "digitalocean_domain.codepoe_ms"
          ]
        }
      ]
    },
    {
      "mode": "managed",
      "type": "digitalocean_record",
      "name": "data_cognod_es",
      "provider": "provider[\"registry.terraform.io/digitalocean/digitalocean\"]",
      "instances": [
        {
          "schema_version": 0,
          "attributes": {
            "domain": "cognod.es",
            "flags": 0,
            "fqdn": "data.cognod.es",
            "id": "102024839",
            "name": "data",
            "port": 0,
            "priority": 0,
            "tag": "",
            "ttl": 300,
            "type": "CNAME",
            "value": "@",
            "weight": 0
          },
          "sensitive_attributes": [],
          "private": "eyJzY2hlbWFfdmVyc2lvbiI6IjAifQ==",
          "dependencies": [
            "digitalocean_domain.cognod_es"
          ]
        }
      ]
    },
    {
      "mode": "managed",
      "type": "digitalocean_record",
      "name": "data_visualcu_es",
      "provider": "provider[\"registry.terraform.io/digitalocean/digitalocean\"]",
      "instances": [
        {
          "schema_version": 0,
          "attributes": {
            "domain": "visualcu.es",
            "flags": 0,
            "fqdn": "data.visualcu.es",
            "id": "102027103",
            "name": "data",
            "port": 0,
            "priority": 0,
            "tag": "",
            "ttl": 300,
            "type": "CNAME",
            "value": "@",
            "weight": 0
          },
          "sensitive_attributes": [],
          "private": "eyJzY2hlbWFfdmVyc2lvbiI6IjAifQ==",
          "dependencies": [
            "digitalocean_domain.visualcu_es"
          ]
        }
      ]
    },
    {
      "mode": "managed",
      "type": "digitalocean_record",
      "name": "dns_falcao_it",
      "provider": "provider[\"registry.terraform.io/digitalocean/digitalocean\"]",
      "instances": [
        {
          "schema_version": 0,
          "attributes": {
            "domain": "falcao.it",
            "flags": 0,
            "fqdn": "dns.falcao.it",
            "id": "28366612",
            "name": "dns",
            "port": 0,
            "priority": 0,
            "tag": "",
            "ttl": 300,
            "type": "CNAME",
            "value": "@",
            "weight": 0
          },
          "sensitive_attributes": [],
          "private": "eyJzY2hlbWFfdmVyc2lvbiI6IjAifQ==",
          "dependencies": [
            "digitalocean_domain.falcao_it"
          ]
        }
      ]
    },
    {
      "mode": "managed",
      "type": "digitalocean_record",
      "name": "dns_python_clinic",
      "provider": "provider[\"registry.terraform.io/digitalocean/digitalocean\"]",
      "instances": [
        {
          "schema_version": 0,
          "attributes": {
            "domain": "python.clinic",
            "flags": 0,
            "fqdn": "dns.python.clinic",
            "id": "41686518",
            "name": "dns",
            "port": 0,
            "priority": 0,
            "tag": "",
            "ttl": 300,
            "type": "CNAME",
            "value": "@",
            "weight": 0
          },
          "sensitive_attributes": [],
          "private": "eyJzY2hlbWFfdmVyc2lvbiI6IjAifQ==",
          "dependencies": [
            "digitalocean_domain.python_clinic"
          ]
        }
      ]
    },
    {
      "mode": "managed",
      "type": "digitalocean_record",
      "name": "dns_r131733_xyz",
      "provider": "provider[\"registry.terraform.io/digitalocean/digitalocean\"]",
      "instances": [
        {
          "schema_version": 0,
          "attributes": {
            "domain": "r131733.xyz",
            "flags": 0,
            "fqdn": "dns.r131733.xyz",
            "id": "31007168",
            "name": "dns",
            "port": 0,
            "priority": 0,
            "tag": "",
            "ttl": 3600,
            "type": "A",
            "value": "138.197.185.65",
            "weight": 0
          },
          "sensitive_attributes": [],
          "private": "eyJzY2hlbWFfdmVyc2lvbiI6IjAifQ==",
          "dependencies": [
            "digitalocean_domain.r131733_xyz"
          ]
        }
      ]
    },
    {
      "mode": "managed",
      "type": "digitalocean_record",
      "name": "docker_falcao_it",
      "provider": "provider[\"registry.terraform.io/digitalocean/digitalocean\"]",
      "instances": [
        {
          "schema_version": 0,
          "attributes": {
            "domain": "falcao.it",
            "flags": 0,
            "fqdn": "docker.falcao.it",
            "id": "28366648",
            "name": "docker",
            "port": 0,
            "priority": 0,
            "tag": "",
            "ttl": 300,
            "type": "CNAME",
            "value": "@",
            "weight": 0
          },
          "sensitive_attributes": [],
          "private": "eyJzY2hlbWFfdmVyc2lvbiI6IjAifQ==",
          "dependencies": [
            "digitalocean_domain.falcao_it"
          ]
        }
      ]
    },
    {
      "mode": "managed",
      "type": "digitalocean_record",
      "name": "docker_python_clinic",
      "provider": "provider[\"registry.terraform.io/digitalocean/digitalocean\"]",
      "instances": [
        {
          "schema_version": 0,
          "attributes": {
            "domain": "python.clinic",
            "flags": 0,
            "fqdn": "docker.python.clinic",
            "id": "41684274",
            "name": "docker",
            "port": 0,
            "priority": 0,
            "tag": "",
            "ttl": 300,
            "type": "CNAME",
            "value": "@",
            "weight": 0
          },
          "sensitive_attributes": [],
          "private": "eyJzY2hlbWFfdmVyc2lvbiI6IjAifQ==",
          "dependencies": [
            "digitalocean_domain.python_clinic"
          ]
        }
      ]
    },
    {
      "mode": "managed",
      "type": "digitalocean_record",
      "name": "docker_r131733_xyz",
      "provider": "provider[\"registry.terraform.io/digitalocean/digitalocean\"]",
      "instances": [
        {
          "schema_version": 0,
          "attributes": {
            "domain": "r131733.xyz",
            "flags": 0,
            "fqdn": "docker.r131733.xyz",
            "id": "27230635",
            "name": "docker",
            "port": 0,
            "priority": 0,
            "tag": "",
            "ttl": 600,
            "type": "CNAME",
            "value": "@",
            "weight": 0
          },
          "sensitive_attributes": [],
          "private": "eyJzY2hlbWFfdmVyc2lvbiI6IjAifQ==",
          "dependencies": [
            "digitalocean_domain.r131733_xyz"
          ]
        }
      ]
    },
    {
      "mode": "managed",
      "type": "digitalocean_record",
      "name": "docs_falcao_it",
      "provider": "provider[\"registry.terraform.io/digitalocean/digitalocean\"]",
      "instances": [
        {
          "schema_version": 0,
          "attributes": {
            "domain": "falcao.it",
            "flags": 0,
            "fqdn": "docs.falcao.it",
            "id": "28366610",
            "name": "docs",
            "port": 0,
            "priority": 0,
            "tag": "",
            "ttl": 300,
            "type": "CNAME",
            "value": "@",
            "weight": 0
          },
          "sensitive_attributes": [],
          "private": "eyJzY2hlbWFfdmVyc2lvbiI6IjAifQ==",
          "dependencies": [
            "digitalocean_domain.falcao_it"
          ]
        }
      ]
    },
    {
      "mode": "managed",
      "type": "digitalocean_record",
      "name": "docs_python_clinic",
      "provider": "provider[\"registry.terraform.io/digitalocean/digitalocean\"]",
      "instances": [
        {
          "schema_version": 0,
          "attributes": {
            "domain": "python.clinic",
            "flags": 0,
            "fqdn": "docs.python.clinic",
            "id": "41684335",
            "name": "docs",
            "port": 0,
            "priority": 0,
            "tag": "",
            "ttl": 300,
            "type": "CNAME",
            "value": "@",
            "weight": 0
          },
          "sensitive_attributes": [],
          "private": "eyJzY2hlbWFfdmVyc2lvbiI6IjAifQ==",
          "dependencies": [
            "digitalocean_domain.python_clinic"
          ]
        }
      ]
    },
    {
      "mode": "managed",
      "type": "digitalocean_record",
      "name": "docs_r131733_xyz",
      "provider": "provider[\"registry.terraform.io/digitalocean/digitalocean\"]",
      "instances": [
        {
          "schema_version": 0,
          "attributes": {
            "domain": "r131733.xyz",
            "flags": 0,
            "fqdn": "docs.r131733.xyz",
            "id": "27228309",
            "name": "docs",
            "port": 0,
            "priority": 0,
            "tag": "",
            "ttl": 600,
            "type": "CNAME",
            "value": "@",
            "weight": 0
          },
          "sensitive_attributes": [],
          "private": "eyJzY2hlbWFfdmVyc2lvbiI6IjAifQ==",
          "dependencies": [
            "digitalocean_domain.r131733_xyz"
          ]
        }
      ]
    },
    {
      "mode": "managed",
      "type": "digitalocean_record",
      "name": "falcao_it_falcao_it",
      "provider": "provider[\"registry.terraform.io/digitalocean/digitalocean\"]",
      "instances": [
        {
          "schema_version": 0,
          "attributes": {
            "domain": "falcao.it",
            "flags": 0,
            "fqdn": "falcao.it",
            "id": "14889356",
            "name": "@",
            "port": 0,
            "priority": 0,
            "tag": "",
            "ttl": 300,
            "type": "A",
            "value": "138.68.113.42",
            "weight": 0
          },
          "sensitive_attributes": [],
          "private": "eyJzY2hlbWFfdmVyc2lvbiI6IjAifQ==",
          "dependencies": [
            "digitalocean_domain.falcao_it"
          ]
        }
      ]
    },
    {
      "mode": "managed",
      "type": "digitalocean_record",
      "name": "files_codepoe_ms",
      "provider": "provider[\"registry.terraform.io/digitalocean/digitalocean\"]",
      "instances": [
        {
          "schema_version": 0,
          "attributes": {
            "domain": "codepoe.ms",
            "flags": 0,
            "fqdn": "files.codepoe.ms",
            "id": "99383758",
            "name": "files",
            "port": 0,
            "priority": 0,
            "tag": "",
            "ttl": 300,
            "type": "CNAME",
            "value": "@",
            "weight": 0
          },
          "sensitive_attributes": [],
          "private": "eyJzY2hlbWFfdmVyc2lvbiI6IjAifQ==",
          "dependencies": [
            "digitalocean_domain.codepoe_ms"
          ]
        }
      ]
    },
    {
      "mode": "managed",
      "type": "digitalocean_record",
      "name": "files_falcao_it",
      "provider": "provider[\"registry.terraform.io/digitalocean/digitalocean\"]",
      "instances": [
        {
          "schema_version": 0,
          "attributes": {
            "domain": "falcao.it",
            "flags": 0,
            "fqdn": "files.falcao.it",
            "id": "28366617",
            "name": "files",
            "port": 0,
            "priority": 0,
            "tag": "",
            "ttl": 300,
            "type": "CNAME",
            "value": "@",
            "weight": 0
          },
          "sensitive_attributes": [],
          "private": "eyJzY2hlbWFfdmVyc2lvbiI6IjAifQ==",
          "dependencies": [
            "digitalocean_domain.falcao_it"
          ]
        }
      ]
    },
    {
      "mode": "managed",
      "type": "digitalocean_record",
      "name": "files_python_clinic",
      "provider": "provider[\"registry.terraform.io/digitalocean/digitalocean\"]",
      "instances": [
        {
          "schema_version": 0,
          "attributes": {
            "domain": "python.clinic",
            "flags": 0,
            "fqdn": "files.python.clinic",
            "id": "41684423",
            "name": "files",
            "port": 0,
            "priority": 0,
            "tag": "",
            "ttl": 300,
            "type": "CNAME",
            "value": "@",
            "weight": 0
          },
          "sensitive_attributes": [],
          "private": "eyJzY2hlbWFfdmVyc2lvbiI6IjAifQ==",
          "dependencies": [
            "digitalocean_domain.python_clinic"
          ]
        }
      ]
    },
    {
      "mode": "managed",
      "type": "digitalocean_record",
      "name": "files_r131733_xyz",
      "provider": "provider[\"registry.terraform.io/digitalocean/digitalocean\"]",
      "instances": [
        {
          "schema_version": 0,
          "attributes": {
            "domain": "r131733.xyz",
            "flags": 0,
            "fqdn": "files.r131733.xyz",
            "id": "27230639",
            "name": "files",
            "port": 0,
            "priority": 0,
            "tag": "",
            "ttl": 600,
            "type": "CNAME",
            "value": "@",
            "weight": 0
          },
          "sensitive_attributes": [],
          "private": "eyJzY2hlbWFfdmVyc2lvbiI6IjAifQ==",
          "dependencies": [
            "digitalocean_domain.r131733_xyz"
          ]
        }
      ]
    },
    {
      "mode": "managed",
      "type": "digitalocean_record",
      "name": "files_visualcu_es",
      "provider": "provider[\"registry.terraform.io/digitalocean/digitalocean\"]",
      "instances": [
        {
          "schema_version": 0,
          "attributes": {
            "domain": "visualcu.es",
            "flags": 0,
            "fqdn": "files.visualcu.es",
            "id": "102027136",
            "name": "files",
            "port": 0,
            "priority": 0,
            "tag": "",
            "ttl": 300,
            "type": "CNAME",
            "value": "@",
            "weight": 0
          },
          "sensitive_attributes": [],
          "private": "eyJzY2hlbWFfdmVyc2lvbiI6IjAifQ==",
          "dependencies": [
            "digitalocean_domain.visualcu_es"
          ]
        }
      ]
    },
    {
      "mode": "managed",
      "type": "digitalocean_record",
      "name": "fragmento_falcao_it",
      "provider": "provider[\"registry.terraform.io/digitalocean/digitalocean\"]",
      "instances": [
        {
          "schema_version": 0,
          "attributes": {
            "domain": "falcao.it",
            "flags": 0,
            "fqdn": "fragmento.falcao.it",
            "id": "34533805",
            "name": "fragmento",
            "port": 0,
            "priority": 0,
            "tag": "",
            "ttl": 43200,
            "type": "CNAME",
            "value": "@",
            "weight": 0
          },
          "sensitive_attributes": [],
          "private": "eyJzY2hlbWFfdmVyc2lvbiI6IjAifQ==",
          "dependencies": [
            "digitalocean_domain.falcao_it"
          ]
        }
      ]
    },
    {
      "mode": "managed",
      "type": "digitalocean_record",
      "name": "galaxy_r131733_xyz",
      "provider": "provider[\"registry.terraform.io/digitalocean/digitalocean\"]",
      "instances": [
        {
          "schema_version": 0,
          "attributes": {
            "domain": "r131733.xyz",
            "flags": 0,
            "fqdn": "galaxy.r131733.xyz",
            "id": "31006959",
            "name": "galaxy",
            "port": 0,
            "priority": 0,
            "tag": "",
            "ttl": 600,
            "type": "CNAME",
            "value": "@",
            "weight": 0
          },
          "sensitive_attributes": [],
          "private": "eyJzY2hlbWFfdmVyc2lvbiI6IjAifQ==",
          "dependencies": [
            "digitalocean_domain.r131733_xyz"
          ]
        }
      ]
    },
    {
      "mode": "managed",
      "type": "digitalocean_record",
      "name": "gateway_falcao_it",
      "provider": "provider[\"registry.terraform.io/digitalocean/digitalocean\"]",
      "instances": [
        {
          "schema_version": 0,
          "attributes": {
            "domain": "falcao.it",
            "flags": 0,
            "fqdn": "gateway.falcao.it",
            "id": "28366644",
            "name": "gateway",
            "port": 0,
            "priority": 0,
            "tag": "",
            "ttl": 300,
            "type": "CNAME",
            "value": "@",
            "weight": 0
          },
          "sensitive_attributes": [],
          "private": "eyJzY2hlbWFfdmVyc2lvbiI6IjAifQ==",
          "dependencies": [
            "digitalocean_domain.falcao_it"
          ]
        }
      ]
    },
    {
      "mode": "managed",
      "type": "digitalocean_record",
      "name": "gateway_r131733_xyz",
      "provider": "provider[\"registry.terraform.io/digitalocean/digitalocean\"]",
      "instances": [
        {
          "schema_version": 0,
          "attributes": {
            "domain": "r131733.xyz",
            "flags": 0,
            "fqdn": "gateway.r131733.xyz",
            "id": "27230650",
            "name": "gateway",
            "port": 0,
            "priority": 0,
            "tag": "",
            "ttl": 600,
            "type": "CNAME",
            "value": "@",
            "weight": 0
          },
          "sensitive_attributes": [],
          "private": "eyJzY2hlbWFfdmVyc2lvbiI6IjAifQ==",
          "dependencies": [
            "digitalocean_domain.r131733_xyz"
          ]
        }
      ]
    },
    {
      "mode": "managed",
      "type": "digitalocean_record",
      "name": "git_codepoe_ms",
      "provider": "provider[\"registry.terraform.io/digitalocean/digitalocean\"]",
      "instances": [
        {
          "schema_version": 0,
          "attributes": {
            "domain": "codepoe.ms",
            "flags": 0,
            "fqdn": "git.codepoe.ms",
            "id": "99383645",
            "name": "git",
            "port": 0,
            "priority": 0,
            "tag": "",
            "ttl": 300,
            "type": "CNAME",
            "value": "@",
            "weight": 0
          },
          "sensitive_attributes": [],
          "private": "eyJzY2hlbWFfdmVyc2lvbiI6IjAifQ==",
          "dependencies": [
            "digitalocean_domain.codepoe_ms"
          ]
        }
      ]
    },
    {
      "mode": "managed",
      "type": "digitalocean_record",
      "name": "git_falcao_it",
      "provider": "provider[\"registry.terraform.io/digitalocean/digitalocean\"]",
      "instances": [
        {
          "schema_version": 0,
          "attributes": {
            "domain": "falcao.it",
            "flags": 0,
            "fqdn": "git.falcao.it",
            "id": "28366651",
            "name": "git",
            "port": 0,
            "priority": 0,
            "tag": "",
            "ttl": 300,
            "type": "CNAME",
            "value": "@",
            "weight": 0
          },
          "sensitive_attributes": [],
          "private": "eyJzY2hlbWFfdmVyc2lvbiI6IjAifQ==",
          "dependencies": [
            "digitalocean_domain.falcao_it"
          ]
        }
      ]
    },
    {
      "mode": "managed",
      "type": "digitalocean_record",
      "name": "git_python_clinic",
      "provider": "provider[\"registry.terraform.io/digitalocean/digitalocean\"]",
      "instances": [
        {
          "schema_version": 0,
          "attributes": {
            "domain": "python.clinic",
            "flags": 0,
            "fqdn": "git.python.clinic",
            "id": "41684346",
            "name": "git",
            "port": 0,
            "priority": 0,
            "tag": "",
            "ttl": 300,
            "type": "CNAME",
            "value": "@",
            "weight": 0
          },
          "sensitive_attributes": [],
          "private": "eyJzY2hlbWFfdmVyc2lvbiI6IjAifQ==",
          "dependencies": [
            "digitalocean_domain.python_clinic"
          ]
        }
      ]
    },
    {
      "mode": "managed",
      "type": "digitalocean_record",
      "name": "git_r131733_xyz",
      "provider": "provider[\"registry.terraform.io/digitalocean/digitalocean\"]",
      "instances": [
        {
          "schema_version": 0,
          "attributes": {
            "domain": "r131733.xyz",
            "flags": 0,
            "fqdn": "git.r131733.xyz",
            "id": "27228306",
            "name": "git",
            "port": 0,
            "priority": 0,
            "tag": "",
            "ttl": 600,
            "type": "CNAME",
            "value": "@",
            "weight": 0
          },
          "sensitive_attributes": [],
          "private": "eyJzY2hlbWFfdmVyc2lvbiI6IjAifQ==",
          "dependencies": [
            "digitalocean_domain.r131733_xyz"
          ]
        }
      ]
    },
    {
      "mode": "managed",
      "type": "digitalocean_record",
      "name": "git_visualcu_es",
      "provider": "provider[\"registry.terraform.io/digitalocean/digitalocean\"]",
      "instances": [
        {
          "schema_version": 0,
          "attributes": {
            "domain": "visualcu.es",
            "flags": 0,
            "fqdn": "git.visualcu.es",
            "id": "99383869",
            "name": "git",
            "port": 0,
            "priority": 0,
            "tag": "",
            "ttl": 300,
            "type": "CNAME",
            "value": "@",
            "weight": 0
          },
          "sensitive_attributes": [],
          "private": "eyJzY2hlbWFfdmVyc2lvbiI6IjAifQ==",
          "dependencies": [
            "digitalocean_domain.visualcu_es"
          ]
        }
      ]
    },
    {
      "mode": "managed",
      "type": "digitalocean_record",
      "name": "ipfs_falcao_it",
      "provider": "provider[\"registry.terraform.io/digitalocean/digitalocean\"]",
      "instances": [
        {
          "schema_version": 0,
          "attributes": {
            "domain": "falcao.it",
            "flags": 0,
            "fqdn": "ipfs.falcao.it",
            "id": "28366990",
            "name": "ipfs",
            "port": 0,
            "priority": 0,
            "tag": "",
            "ttl": 300,
            "type": "CNAME",
            "value": "@",
            "weight": 0
          },
          "sensitive_attributes": [],
          "private": "eyJzY2hlbWFfdmVyc2lvbiI6IjAifQ==",
          "dependencies": [
            "digitalocean_domain.falcao_it"
          ]
        }
      ]
    },
    {
      "mode": "managed",
      "type": "digitalocean_record",
      "name": "ipfs_python_clinic",
      "provider": "provider[\"registry.terraform.io/digitalocean/digitalocean\"]",
      "instances": [
        {
          "schema_version": 0,
          "attributes": {
            "domain": "python.clinic",
            "flags": 0,
            "fqdn": "ipfs.python.clinic",
            "id": "41684425",
            "name": "ipfs",
            "port": 0,
            "priority": 0,
            "tag": "",
            "ttl": 300,
            "type": "CNAME",
            "value": "@",
            "weight": 0
          },
          "sensitive_attributes": [],
          "private": "eyJzY2hlbWFfdmVyc2lvbiI6IjAifQ==",
          "dependencies": [
            "digitalocean_domain.python_clinic"
          ]
        }
      ]
    },
    {
      "mode": "managed",
      "type": "digitalocean_record",
      "name": "jabber_falcao_it",
      "provider": "provider[\"registry.terraform.io/digitalocean/digitalocean\"]",
      "instances": [
        {
          "schema_version": 0,
          "attributes": {
            "domain": "falcao.it",
            "flags": 0,
            "fqdn": "jabber.falcao.it",
            "id": "28366652",
            "name": "jabber",
            "port": 0,
            "priority": 0,
            "tag": "",
            "ttl": 300,
            "type": "CNAME",
            "value": "@",
            "weight": 0
          },
          "sensitive_attributes": [],
          "private": "eyJzY2hlbWFfdmVyc2lvbiI6IjAifQ==",
          "dependencies": [
            "digitalocean_domain.falcao_it"
          ]
        }
      ]
    },
    {
      "mode": "managed",
      "type": "digitalocean_record",
      "name": "jabber_r131733_xyz",
      "provider": "provider[\"registry.terraform.io/digitalocean/digitalocean\"]",
      "instances": [
        {
          "schema_version": 0,
          "attributes": {
            "domain": "r131733.xyz",
            "flags": 0,
            "fqdn": "jabber.r131733.xyz",
            "id": "31006952",
            "name": "jabber",
            "port": 0,
            "priority": 0,
            "tag": "",
            "ttl": 600,
            "type": "CNAME",
            "value": "@",
            "weight": 0
          },
          "sensitive_attributes": [],
          "private": "eyJzY2hlbWFfdmVyc2lvbiI6IjAifQ==",
          "dependencies": [
            "digitalocean_domain.r131733_xyz"
          ]
        }
      ]
    },
    {
      "mode": "managed",
      "type": "digitalocean_record",
      "name": "jitsi_falcao_it",
      "provider": "provider[\"registry.terraform.io/digitalocean/digitalocean\"]",
      "instances": [
        {
          "schema_version": 0,
          "attributes": {
            "domain": "falcao.it",
            "flags": 0,
            "fqdn": "jitsi.falcao.it",
            "id": "28366653",
            "name": "jitsi",
            "port": 0,
            "priority": 0,
            "tag": "",
            "ttl": 300,
            "type": "CNAME",
            "value": "@",
            "weight": 0
          },
          "sensitive_attributes": [],
          "private": "eyJzY2hlbWFfdmVyc2lvbiI6IjAifQ==",
          "dependencies": [
            "digitalocean_domain.falcao_it"
          ]
        }
      ]
    },
    {
      "mode": "managed",
      "type": "digitalocean_record",
      "name": "jitsi_r131733_xyz",
      "provider": "provider[\"registry.terraform.io/digitalocean/digitalocean\"]",
      "instances": [
        {
          "schema_version": 0,
          "attributes": {
            "domain": "r131733.xyz",
            "flags": 0,
            "fqdn": "jitsi.r131733.xyz",
            "id": "31006971",
            "name": "jitsi",
            "port": 0,
            "priority": 0,
            "tag": "",
            "ttl": 600,
            "type": "CNAME",
            "value": "@",
            "weight": 0
          },
          "sensitive_attributes": [],
          "private": "eyJzY2hlbWFfdmVyc2lvbiI6IjAifQ==",
          "dependencies": [
            "digitalocean_domain.r131733_xyz"
          ]
        }
      ]
    },
    {
      "mode": "managed",
      "type": "digitalocean_record",
      "name": "js_python_clinic",
      "provider": "provider[\"registry.terraform.io/digitalocean/digitalocean\"]",
      "instances": [
        {
          "schema_version": 0,
          "attributes": {
            "domain": "python.clinic",
            "flags": 0,
            "fqdn": "js.python.clinic",
            "id": "41686550",
            "name": "js",
            "port": 0,
            "priority": 0,
            "tag": "",
            "ttl": 300,
            "type": "CNAME",
            "value": "@",
            "weight": 0
          },
          "sensitive_attributes": [],
          "private": "eyJzY2hlbWFfdmVyc2lvbiI6IjAifQ==",
          "dependencies": [
            "digitalocean_domain.python_clinic"
          ]
        }
      ]
    },
    {
      "mode": "managed",
      "type": "digitalocean_record",
      "name": "keycloak_codervana_io",
      "provider": "provider[\"registry.terraform.io/digitalocean/digitalocean\"]",
      "instances": [
        {
          "schema_version": 0,
          "attributes": {
            "domain": "codervana.io",
            "flags": 0,
            "fqdn": "keycloak.codervana.io",
            "id": "99377026",
            "name": "keycloak",
            "port": 0,
            "priority": 0,
            "tag": "",
            "ttl": 300,
            "type": "CNAME",
            "value": "@",
            "weight": 0
          },
          "sensitive_attributes": [],
          "private": "eyJzY2hlbWFfdmVyc2lvbiI6IjAifQ==",
          "dependencies": [
            "digitalocean_domain.codervana_io"
          ]
        }
      ]
    },
    {
      "mode": "managed",
      "type": "digitalocean_record",
      "name": "mail_codepoe_ms",
      "provider": "provider[\"registry.terraform.io/digitalocean/digitalocean\"]",
      "instances": [
        {
          "schema_version": 0,
          "attributes": {
            "domain": "codepoe.ms",
            "flags": 0,
            "fqdn": "mail.codepoe.ms",
            "id": "22393025",
            "name": "mail",
            "port": 0,
            "priority": 15,
            "tag": "",
            "ttl": 600,
            "type": "MX",
            "value": "@",
            "weight": 0
          },
          "sensitive_attributes": [],
          "private": "eyJzY2hlbWFfdmVyc2lvbiI6IjAifQ==",
          "dependencies": [
            "digitalocean_domain.codepoe_ms"
          ]
        }
      ]
    },
    {
      "mode": "managed",
      "type": "digitalocean_record",
      "name": "mail_cognod_es",
      "provider": "provider[\"registry.terraform.io/digitalocean/digitalocean\"]",
      "instances": [
        {
          "schema_version": 0,
          "attributes": {
            "domain": "cognod.es",
            "flags": 0,
            "fqdn": "mail.cognod.es",
            "id": "102024920",
            "name": "mail",
            "port": 0,
            "priority": 0,
            "tag": "",
            "ttl": 600,
            "type": "CNAME",
            "value": "@",
            "weight": 0
          },
          "sensitive_attributes": [],
          "private": "eyJzY2hlbWFfdmVyc2lvbiI6IjAifQ==",
          "dependencies": [
            "digitalocean_domain.cognod_es"
          ]
        }
      ]
    },
    {
      "mode": "managed",
      "type": "digitalocean_record",
      "name": "mail_falcao_it",
      "provider": "provider[\"registry.terraform.io/digitalocean/digitalocean\"]",
      "instances": [
        {
          "schema_version": 0,
          "attributes": {
            "domain": "falcao.it",
            "flags": 0,
            "fqdn": "mail.falcao.it",
            "id": "22235885",
            "name": "mail",
            "port": 0,
            "priority": 0,
            "tag": "",
            "ttl": 300,
            "type": "CNAME",
            "value": "@",
            "weight": 0
          },
          "sensitive_attributes": [],
          "private": "eyJzY2hlbWFfdmVyc2lvbiI6IjAifQ==",
          "dependencies": [
            "digitalocean_domain.falcao_it"
          ]
        }
      ]
    },
    {
      "mode": "managed",
      "type": "digitalocean_record",
      "name": "mail_python_clinic",
      "provider": "provider[\"registry.terraform.io/digitalocean/digitalocean\"]",
      "instances": [
        {
          "schema_version": 0,
          "attributes": {
            "domain": "python.clinic",
            "flags": 0,
            "fqdn": "mail.python.clinic",
            "id": "41684310",
            "name": "mail",
            "port": 0,
            "priority": 0,
            "tag": "",
            "ttl": 300,
            "type": "CNAME",
            "value": "@",
            "weight": 0
          },
          "sensitive_attributes": [],
          "private": "eyJzY2hlbWFfdmVyc2lvbiI6IjAifQ==",
          "dependencies": [
            "digitalocean_domain.python_clinic"
          ]
        }
      ]
    },
    {
      "mode": "managed",
      "type": "digitalocean_record",
      "name": "mail_r131733_xyz",
      "provider": "provider[\"registry.terraform.io/digitalocean/digitalocean\"]",
      "instances": [
        {
          "schema_version": 0,
          "attributes": {
            "domain": "r131733.xyz",
            "flags": 0,
            "fqdn": "mail.r131733.xyz",
            "id": "27228297",
            "name": "mail",
            "port": 0,
            "priority": 0,
            "tag": "",
            "ttl": 600,
            "type": "CNAME",
            "value": "@",
            "weight": 0
          },
          "sensitive_attributes": [],
          "private": "eyJzY2hlbWFfdmVyc2lvbiI6IjAifQ==",
          "dependencies": [
            "digitalocean_domain.r131733_xyz"
          ]
        }
      ]
    },
    {
      "mode": "managed",
      "type": "digitalocean_record",
      "name": "mail_visualcu_es",
      "provider": "provider[\"registry.terraform.io/digitalocean/digitalocean\"]",
      "instances": [
        {
          "schema_version": 0,
          "attributes": {
            "domain": "visualcu.es",
            "flags": 0,
            "fqdn": "mail.visualcu.es",
            "id": "99383878",
            "name": "mail",
            "port": 0,
            "priority": 0,
            "tag": "",
            "ttl": 300,
            "type": "CNAME",
            "value": "@",
            "weight": 0
          },
          "sensitive_attributes": [],
          "private": "eyJzY2hlbWFfdmVyc2lvbiI6IjAifQ==",
          "dependencies": [
            "digitalocean_domain.visualcu_es"
          ]
        }
      ]
    },
    {
      "mode": "managed",
      "type": "digitalocean_record",
      "name": "meet_falcao_it",
      "provider": "provider[\"registry.terraform.io/digitalocean/digitalocean\"]",
      "instances": [
        {
          "schema_version": 0,
          "attributes": {
            "domain": "falcao.it",
            "flags": 0,
            "fqdn": "meet.falcao.it",
            "id": "28366665",
            "name": "meet",
            "port": 0,
            "priority": 0,
            "tag": "",
            "ttl": 300,
            "type": "CNAME",
            "value": "@",
            "weight": 0
          },
          "sensitive_attributes": [],
          "private": "eyJzY2hlbWFfdmVyc2lvbiI6IjAifQ==",
          "dependencies": [
            "digitalocean_domain.falcao_it"
          ]
        }
      ]
    },
    {
      "mode": "managed",
      "type": "digitalocean_record",
      "name": "meet_r131733_xyz",
      "provider": "provider[\"registry.terraform.io/digitalocean/digitalocean\"]",
      "instances": [
        {
          "schema_version": 0,
          "attributes": {
            "domain": "r131733.xyz",
            "flags": 0,
            "fqdn": "meet.r131733.xyz",
            "id": "31006960",
            "name": "meet",
            "port": 0,
            "priority": 0,
            "tag": "",
            "ttl": 600,
            "type": "CNAME",
            "value": "@",
            "weight": 0
          },
          "sensitive_attributes": [],
          "private": "eyJzY2hlbWFfdmVyc2lvbiI6IjAifQ==",
          "dependencies": [
            "digitalocean_domain.r131733_xyz"
          ]
        }
      ]
    },
    {
      "mode": "managed",
      "type": "digitalocean_record",
      "name": "npm_python_clinic",
      "provider": "provider[\"registry.terraform.io/digitalocean/digitalocean\"]",
      "instances": [
        {
          "schema_version": 0,
          "attributes": {
            "domain": "python.clinic",
            "flags": 0,
            "fqdn": "npm.python.clinic",
            "id": "41684368",
            "name": "npm",
            "port": 0,
            "priority": 0,
            "tag": "",
            "ttl": 300,
            "type": "CNAME",
            "value": "@",
            "weight": 0
          },
          "sensitive_attributes": [],
          "private": "eyJzY2hlbWFfdmVyc2lvbiI6IjAifQ==",
          "dependencies": [
            "digitalocean_domain.python_clinic"
          ]
        }
      ]
    },
    {
      "mode": "managed",
      "type": "digitalocean_record",
      "name": "private_falcao_it",
      "provider": "provider[\"registry.terraform.io/digitalocean/digitalocean\"]",
      "instances": [
        {
          "schema_version": 0,
          "attributes": {
            "domain": "falcao.it",
            "flags": 0,
            "fqdn": "private.falcao.it",
            "id": "22235874",
            "name": "private",
            "port": 0,
            "priority": 0,
            "tag": "",
            "ttl": 300,
            "type": "CNAME",
            "value": "@",
            "weight": 0
          },
          "sensitive_attributes": [],
          "private": "eyJzY2hlbWFfdmVyc2lvbiI6IjAifQ==",
          "dependencies": [
            "digitalocean_domain.falcao_it"
          ]
        }
      ]
    },
    {
      "mode": "managed",
      "type": "digitalocean_record",
      "name": "proxy_falcao_it",
      "provider": "provider[\"registry.terraform.io/digitalocean/digitalocean\"]",
      "instances": [
        {
          "schema_version": 0,
          "attributes": {
            "domain": "falcao.it",
            "flags": 0,
            "fqdn": "proxy.falcao.it",
            "id": "28366655",
            "name": "proxy",
            "port": 0,
            "priority": 0,
            "tag": "",
            "ttl": 300,
            "type": "CNAME",
            "value": "@",
            "weight": 0
          },
          "sensitive_attributes": [],
          "private": "eyJzY2hlbWFfdmVyc2lvbiI6IjAifQ==",
          "dependencies": [
            "digitalocean_domain.falcao_it"
          ]
        }
      ]
    },
    {
      "mode": "managed",
      "type": "digitalocean_record",
      "name": "proxy_r131733_xyz",
      "provider": "provider[\"registry.terraform.io/digitalocean/digitalocean\"]",
      "instances": [
        {
          "schema_version": 0,
          "attributes": {
            "domain": "r131733.xyz",
            "flags": 0,
            "fqdn": "proxy.r131733.xyz",
            "id": "27230652",
            "name": "proxy",
            "port": 0,
            "priority": 0,
            "tag": "",
            "ttl": 600,
            "type": "CNAME",
            "value": "@",
            "weight": 0
          },
          "sensitive_attributes": [],
          "private": "eyJzY2hlbWFfdmVyc2lvbiI6IjAifQ==",
          "dependencies": [
            "digitalocean_domain.r131733_xyz"
          ]
        }
      ]
    },
    {
      "mode": "managed",
      "type": "digitalocean_record",
      "name": "py_codepoe_ms",
      "provider": "provider[\"registry.terraform.io/digitalocean/digitalocean\"]",
      "instances": [
        {
          "schema_version": 0,
          "attributes": {
            "domain": "codepoe.ms",
            "flags": 0,
            "fqdn": "py.codepoe.ms",
            "id": "99383447",
            "name": "py",
            "port": 0,
            "priority": 0,
            "tag": "",
            "ttl": 300,
            "type": "CNAME",
            "value": "@",
            "weight": 0
          },
          "sensitive_attributes": [],
          "private": "eyJzY2hlbWFfdmVyc2lvbiI6IjAifQ==",
          "dependencies": [
            "digitalocean_domain.codepoe_ms"
          ]
        }
      ]
    },
    {
      "mode": "managed",
      "type": "digitalocean_record",
      "name": "py_codervana_io",
      "provider": "provider[\"registry.terraform.io/digitalocean/digitalocean\"]",
      "instances": [
        {
          "schema_version": 0,
          "attributes": {
            "domain": "codervana.io",
            "flags": 0,
            "fqdn": "py.codervana.io",
            "id": "99376990",
            "name": "py",
            "port": 0,
            "priority": 0,
            "tag": "",
            "ttl": 300,
            "type": "CNAME",
            "value": "@",
            "weight": 0
          },
          "sensitive_attributes": [],
          "private": "eyJzY2hlbWFfdmVyc2lvbiI6IjAifQ==",
          "dependencies": [
            "digitalocean_domain.codervana_io"
          ]
        }
      ]
    },
    {
      "mode": "managed",
      "type": "digitalocean_record",
      "name": "pypi_falcao_it",
      "provider": "provider[\"registry.terraform.io/digitalocean/digitalocean\"]",
      "instances": [
        {
          "schema_version": 0,
          "attributes": {
            "domain": "falcao.it",
            "flags": 0,
            "fqdn": "pypi.falcao.it",
            "id": "28366647",
            "name": "pypi",
            "port": 0,
            "priority": 0,
            "tag": "",
            "ttl": 300,
            "type": "CNAME",
            "value": "@",
            "weight": 0
          },
          "sensitive_attributes": [],
          "private": "eyJzY2hlbWFfdmVyc2lvbiI6IjAifQ==",
          "dependencies": [
            "digitalocean_domain.falcao_it"
          ]
        }
      ]
    },
    {
      "mode": "managed",
      "type": "digitalocean_record",
      "name": "pypi_python_clinic",
      "provider": "provider[\"registry.terraform.io/digitalocean/digitalocean\"]",
      "instances": [
        {
          "schema_version": 0,
          "attributes": {
            "domain": "python.clinic",
            "flags": 0,
            "fqdn": "pypi.python.clinic",
            "id": "41684307",
            "name": "pypi",
            "port": 0,
            "priority": 0,
            "tag": "",
            "ttl": 300,
            "type": "CNAME",
            "value": "@",
            "weight": 0
          },
          "sensitive_attributes": [],
          "private": "eyJzY2hlbWFfdmVyc2lvbiI6IjAifQ==",
          "dependencies": [
            "digitalocean_domain.python_clinic"
          ]
        }
      ]
    },
    {
      "mode": "managed",
      "type": "digitalocean_record",
      "name": "pypi_r131733_xyz",
      "provider": "provider[\"registry.terraform.io/digitalocean/digitalocean\"]",
      "instances": [
        {
          "schema_version": 0,
          "attributes": {
            "domain": "r131733.xyz",
            "flags": 0,
            "fqdn": "pypi.r131733.xyz",
            "id": "27230636",
            "name": "pypi",
            "port": 0,
            "priority": 0,
            "tag": "",
            "ttl": 600,
            "type": "CNAME",
            "value": "@",
            "weight": 0
          },
          "sensitive_attributes": [],
          "private": "eyJzY2hlbWFfdmVyc2lvbiI6IjAifQ==",
          "dependencies": [
            "digitalocean_domain.r131733_xyz"
          ]
        }
      ]
    },
    {
      "mode": "managed",
      "type": "digitalocean_record",
      "name": "python_clinic_python_clinic",
      "provider": "provider[\"registry.terraform.io/digitalocean/digitalocean\"]",
      "instances": [
        {
          "schema_version": 0,
          "attributes": {
            "domain": "python.clinic",
            "flags": 0,
            "fqdn": "python.clinic",
            "id": "41661600",
            "name": "@",
            "port": 0,
            "priority": 0,
            "tag": "",
            "ttl": 300,
            "type": "A",
            "value": "138.68.112.139",
            "weight": 0
          },
          "sensitive_attributes": [],
          "private": "eyJzY2hlbWFfdmVyc2lvbiI6IjAifQ==",
          "dependencies": [
            "digitalocean_domain.python_clinic"
          ]
        }
      ]
    },
    {
      "mode": "managed",
      "type": "digitalocean_record",
      "name": "python_codepoe_ms",
      "provider": "provider[\"registry.terraform.io/digitalocean/digitalocean\"]",
      "instances": [
        {
          "schema_version": 0,
          "attributes": {
            "domain": "codepoe.ms",
            "flags": 0,
            "fqdn": "python.codepoe.ms",
            "id": "99383681",
            "name": "python",
            "port": 0,
            "priority": 0,
            "tag": "",
            "ttl": 300,
            "type": "CNAME",
            "value": "@",
            "weight": 0
          },
          "sensitive_attributes": [],
          "private": "eyJzY2hlbWFfdmVyc2lvbiI6IjAifQ==",
          "dependencies": [
            "digitalocean_domain.codepoe_ms"
          ]
        }
      ]
    },
    {
      "mode": "managed",
      "type": "digitalocean_record",
      "name": "r131733_xyz_r131733_xyz",
      "provider": "provider[\"registry.terraform.io/digitalocean/digitalocean\"]",
      "instances": [
        {
          "schema_version": 0,
          "attributes": {
            "domain": "r131733.xyz",
            "flags": 0,
            "fqdn": "r131733.xyz",
            "id": "20223930",
            "name": "@",
            "port": 0,
            "priority": 0,
            "tag": "",
            "ttl": 300,
            "type": "A",
            "value": "138.197.185.65",
            "weight": 0
          },
          "sensitive_attributes": [],
          "private": "eyJzY2hlbWFfdmVyc2lvbiI6IjAifQ==",
          "dependencies": [
            "digitalocean_domain.r131733_xyz"
          ]
        }
      ]
    },
    {
      "mode": "managed",
      "type": "digitalocean_record",
      "name": "s_falcao_it",
      "provider": "provider[\"registry.terraform.io/digitalocean/digitalocean\"]",
      "instances": [
        {
          "schema_version": 0,
          "attributes": {
            "domain": "falcao.it",
            "flags": 0,
            "fqdn": "s.falcao.it",
            "id": "28366613",
            "name": "s",
            "port": 0,
            "priority": 0,
            "tag": "",
            "ttl": 300,
            "type": "CNAME",
            "value": "@",
            "weight": 0
          },
          "sensitive_attributes": [],
          "private": "eyJzY2hlbWFfdmVyc2lvbiI6IjAifQ==",
          "dependencies": [
            "digitalocean_domain.falcao_it"
          ]
        }
      ]
    },
    {
      "mode": "managed",
      "type": "digitalocean_record",
      "name": "s_python_clinic",
      "provider": "provider[\"registry.terraform.io/digitalocean/digitalocean\"]",
      "instances": [
        {
          "schema_version": 0,
          "attributes": {
            "domain": "python.clinic",
            "flags": 0,
            "fqdn": "s.python.clinic",
            "id": "41684292",
            "name": "s",
            "port": 0,
            "priority": 0,
            "tag": "",
            "ttl": 300,
            "type": "CNAME",
            "value": "@",
            "weight": 0
          },
          "sensitive_attributes": [],
          "private": "eyJzY2hlbWFfdmVyc2lvbiI6IjAifQ==",
          "dependencies": [
            "digitalocean_domain.python_clinic"
          ]
        }
      ]
    },
    {
      "mode": "managed",
      "type": "digitalocean_record",
      "name": "s_r131733_xyz",
      "provider": "provider[\"registry.terraform.io/digitalocean/digitalocean\"]",
      "instances": [
        {
          "schema_version": 0,
          "attributes": {
            "domain": "r131733.xyz",
            "flags": 0,
            "fqdn": "s.r131733.xyz",
            "id": "27228313",
            "name": "s",
            "port": 0,
            "priority": 0,
            "tag": "",
            "ttl": 600,
            "type": "CNAME",
            "value": "@",
            "weight": 0
          },
          "sensitive_attributes": [],
          "private": "eyJzY2hlbWFfdmVyc2lvbiI6IjAifQ==",
          "dependencies": [
            "digitalocean_domain.r131733_xyz"
          ]
        }
      ]
    },
    {
      "mode": "managed",
      "type": "digitalocean_record",
      "name": "share_falcao_it",
      "provider": "provider[\"registry.terraform.io/digitalocean/digitalocean\"]",
      "instances": [
        {
          "schema_version": 0,
          "attributes": {
            "domain": "falcao.it",
            "flags": 0,
            "fqdn": "share.falcao.it",
            "id": "22235889",
            "name": "share",
            "port": 0,
            "priority": 0,
            "tag": "",
            "ttl": 300,
            "type": "CNAME",
            "value": "@",
            "weight": 0
          },
          "sensitive_attributes": [],
          "private": "eyJzY2hlbWFfdmVyc2lvbiI6IjAifQ==",
          "dependencies": [
            "digitalocean_domain.falcao_it"
          ]
        }
      ]
    },
    {
      "mode": "managed",
      "type": "digitalocean_record",
      "name": "share_python_clinic",
      "provider": "provider[\"registry.terraform.io/digitalocean/digitalocean\"]",
      "instances": [
        {
          "schema_version": 0,
          "attributes": {
            "domain": "python.clinic",
            "flags": 0,
            "fqdn": "share.python.clinic",
            "id": "41686529",
            "name": "share",
            "port": 0,
            "priority": 0,
            "tag": "",
            "ttl": 300,
            "type": "CNAME",
            "value": "@",
            "weight": 0
          },
          "sensitive_attributes": [],
          "private": "eyJzY2hlbWFfdmVyc2lvbiI6IjAifQ==",
          "dependencies": [
            "digitalocean_domain.python_clinic"
          ]
        }
      ]
    },
    {
      "mode": "managed",
      "type": "digitalocean_record",
      "name": "share_r131733_xyz",
      "provider": "provider[\"registry.terraform.io/digitalocean/digitalocean\"]",
      "instances": [
        {
          "schema_version": 0,
          "attributes": {
            "domain": "r131733.xyz",
            "flags": 0,
            "fqdn": "share.r131733.xyz",
            "id": "27228307",
            "name": "share",
            "port": 0,
            "priority": 0,
            "tag": "",
            "ttl": 600,
            "type": "CNAME",
            "value": "@",
            "weight": 0
          },
          "sensitive_attributes": [],
          "private": "eyJzY2hlbWFfdmVyc2lvbiI6IjAifQ==",
          "dependencies": [
            "digitalocean_domain.r131733_xyz"
          ]
        }
      ]
    },
    {
      "mode": "managed",
      "type": "digitalocean_record",
      "name": "shell_falcao_it",
      "provider": "provider[\"registry.terraform.io/digitalocean/digitalocean\"]",
      "instances": [
        {
          "schema_version": 0,
          "attributes": {
            "domain": "falcao.it",
            "flags": 0,
            "fqdn": "shell.falcao.it",
            "id": "28366609",
            "name": "shell",
            "port": 0,
            "priority": 0,
            "tag": "",
            "ttl": 300,
            "type": "CNAME",
            "value": "@",
            "weight": 0
          },
          "sensitive_attributes": [],
          "private": "eyJzY2hlbWFfdmVyc2lvbiI6IjAifQ==",
          "dependencies": [
            "digitalocean_domain.falcao_it"
          ]
        }
      ]
    },
    {
      "mode": "managed",
      "type": "digitalocean_record",
      "name": "shell_python_clinic",
      "provider": "provider[\"registry.terraform.io/digitalocean/digitalocean\"]",
      "instances": [
        {
          "schema_version": 0,
          "attributes": {
            "domain": "python.clinic",
            "flags": 0,
            "fqdn": "shell.python.clinic",
            "id": "41684332",
            "name": "shell",
            "port": 0,
            "priority": 0,
            "tag": "",
            "ttl": 300,
            "type": "CNAME",
            "value": "@",
            "weight": 0
          },
          "sensitive_attributes": [],
          "private": "eyJzY2hlbWFfdmVyc2lvbiI6IjAifQ==",
          "dependencies": [
            "digitalocean_domain.python_clinic"
          ]
        }
      ]
    },
    {
      "mode": "managed",
      "type": "digitalocean_record",
      "name": "shell_r131733_xyz",
      "provider": "provider[\"registry.terraform.io/digitalocean/digitalocean\"]",
      "instances": [
        {
          "schema_version": 0,
          "attributes": {
            "domain": "r131733.xyz",
            "flags": 0,
            "fqdn": "shell.r131733.xyz",
            "id": "27244035",
            "name": "shell",
            "port": 0,
            "priority": 0,
            "tag": "",
            "ttl": 600,
            "type": "CNAME",
            "value": "@",
            "weight": 0
          },
          "sensitive_attributes": [],
          "private": "eyJzY2hlbWFfdmVyc2lvbiI6IjAifQ==",
          "dependencies": [
            "digitalocean_domain.r131733_xyz"
          ]
        }
      ]
    },
    {
      "mode": "managed",
      "type": "digitalocean_record",
      "name": "sms_falcao_it",
      "provider": "provider[\"registry.terraform.io/digitalocean/digitalocean\"]",
      "instances": [
        {
          "schema_version": 0,
          "attributes": {
            "domain": "falcao.it",
            "flags": 0,
            "fqdn": "sms.falcao.it",
            "id": "76911609",
            "name": "sms",
            "port": 0,
            "priority": 0,
            "tag": "",
            "ttl": 300,
            "type": "CNAME",
            "value": "@",
            "weight": 0
          },
          "sensitive_attributes": [],
          "private": "eyJzY2hlbWFfdmVyc2lvbiI6IjAifQ==",
          "dependencies": [
            "digitalocean_domain.falcao_it"
          ]
        }
      ]
    },
    {
      "mode": "managed",
      "type": "digitalocean_record",
      "name": "splash_visualcu_es",
      "provider": "provider[\"registry.terraform.io/digitalocean/digitalocean\"]",
      "instances": [
        {
          "schema_version": 0,
          "attributes": {
            "domain": "visualcu.es",
            "flags": 0,
            "fqdn": "splash.visualcu.es",
            "id": "113034106",
            "name": "splash",
            "port": 0,
            "priority": 0,
            "tag": "",
            "ttl": 300,
            "type": "CNAME",
            "value": "@",
            "weight": 0
          },
          "sensitive_attributes": [],
          "private": "eyJzY2hlbWFfdmVyc2lvbiI6IjAifQ==",
          "dependencies": [
            "digitalocean_domain.visualcu_es"
          ]
        }
      ]
    },
    {
      "mode": "managed",
      "type": "digitalocean_record",
      "name": "ssh_codepoe_ms",
      "provider": "provider[\"registry.terraform.io/digitalocean/digitalocean\"]",
      "instances": [
        {
          "schema_version": 0,
          "attributes": {
            "domain": "codepoe.ms",
            "flags": 0,
            "fqdn": "ssh.codepoe.ms",
            "id": "99383551",
            "name": "ssh",
            "port": 0,
            "priority": 0,
            "tag": "",
            "ttl": 300,
            "type": "CNAME",
            "value": "@",
            "weight": 0
          },
          "sensitive_attributes": [],
          "private": "eyJzY2hlbWFfdmVyc2lvbiI6IjAifQ==",
          "dependencies": [
            "digitalocean_domain.codepoe_ms"
          ]
        }
      ]
    },
    {
      "mode": "managed",
      "type": "digitalocean_record",
      "name": "ssh_falcao_it",
      "provider": "provider[\"registry.terraform.io/digitalocean/digitalocean\"]",
      "instances": [
        {
          "schema_version": 0,
          "attributes": {
            "domain": "falcao.it",
            "flags": 0,
            "fqdn": "ssh.falcao.it",
            "id": "149622838",
            "name": "ssh",
            "port": 0,
            "priority": 0,
            "tag": "",
            "ttl": 300,
            "type": "A",
            "value": "142.93.100.215",
            "weight": 0
          },
          "sensitive_attributes": [],
          "private": "eyJzY2hlbWFfdmVyc2lvbiI6IjAifQ==",
          "dependencies": [
            "digitalocean_domain.falcao_it"
          ]
        }
      ]
    },
    {
      "mode": "managed",
      "type": "digitalocean_record",
      "name": "static_falcao_it",
      "provider": "provider[\"registry.terraform.io/digitalocean/digitalocean\"]",
      "instances": [
        {
          "schema_version": 0,
          "attributes": {
            "domain": "falcao.it",
            "flags": 0,
            "fqdn": "static.falcao.it",
            "id": "28366616",
            "name": "static",
            "port": 0,
            "priority": 0,
            "tag": "",
            "ttl": 300,
            "type": "CNAME",
            "value": "@",
            "weight": 0
          },
          "sensitive_attributes": [],
          "private": "eyJzY2hlbWFfdmVyc2lvbiI6IjAifQ==",
          "dependencies": [
            "digitalocean_domain.falcao_it"
          ]
        }
      ]
    },
    {
      "mode": "managed",
      "type": "digitalocean_record",
      "name": "static_python_clinic",
      "provider": "provider[\"registry.terraform.io/digitalocean/digitalocean\"]",
      "instances": [
        {
          "schema_version": 0,
          "attributes": {
            "domain": "python.clinic",
            "flags": 0,
            "fqdn": "static.python.clinic",
            "id": "41684299",
            "name": "static",
            "port": 0,
            "priority": 0,
            "tag": "",
            "ttl": 300,
            "type": "CNAME",
            "value": "@",
            "weight": 0
          },
          "sensitive_attributes": [],
          "private": "eyJzY2hlbWFfdmVyc2lvbiI6IjAifQ==",
          "dependencies": [
            "digitalocean_domain.python_clinic"
          ]
        }
      ]
    },
    {
      "mode": "managed",
      "type": "digitalocean_record",
      "name": "static_r131733_xyz",
      "provider": "provider[\"registry.terraform.io/digitalocean/digitalocean\"]",
      "instances": [
        {
          "schema_version": 0,
          "attributes": {
            "domain": "r131733.xyz",
            "flags": 0,
            "fqdn": "static.r131733.xyz",
            "id": "27228312",
            "name": "static",
            "port": 0,
            "priority": 0,
            "tag": "",
            "ttl": 600,
            "type": "CNAME",
            "value": "@",
            "weight": 0
          },
          "sensitive_attributes": [],
          "private": "eyJzY2hlbWFfdmVyc2lvbiI6IjAifQ==",
          "dependencies": [
            "digitalocean_domain.r131733_xyz"
          ]
        }
      ]
    },
    {
      "mode": "managed",
      "type": "digitalocean_record",
      "name": "static_visualcu_es",
      "provider": "provider[\"registry.terraform.io/digitalocean/digitalocean\"]",
      "instances": [
        {
          "schema_version": 0,
          "attributes": {
            "domain": "visualcu.es",
            "flags": 0,
            "fqdn": "static.visualcu.es",
            "id": "102027116",
            "name": "static",
            "port": 0,
            "priority": 0,
            "tag": "",
            "ttl": 300,
            "type": "CNAME",
            "value": "@",
            "weight": 0
          },
          "sensitive_attributes": [],
          "private": "eyJzY2hlbWFfdmVyc2lvbiI6IjAifQ==",
          "dependencies": [
            "digitalocean_domain.visualcu_es"
          ]
        }
      ]
    },
    {
      "mode": "managed",
      "type": "digitalocean_record",
      "name": "stun_falcao_it",
      "provider": "provider[\"registry.terraform.io/digitalocean/digitalocean\"]",
      "instances": [
        {
          "schema_version": 0,
          "attributes": {
            "domain": "falcao.it",
            "flags": 0,
            "fqdn": "stun.falcao.it",
            "id": "28366663",
            "name": "stun",
            "port": 0,
            "priority": 0,
            "tag": "",
            "ttl": 300,
            "type": "CNAME",
            "value": "@",
            "weight": 0
          },
          "sensitive_attributes": [],
          "private": "eyJzY2hlbWFfdmVyc2lvbiI6IjAifQ==",
          "dependencies": [
            "digitalocean_domain.falcao_it"
          ]
        }
      ]
    },
    {
      "mode": "managed",
      "type": "digitalocean_record",
      "name": "stun_python_clinic",
      "provider": "provider[\"registry.terraform.io/digitalocean/digitalocean\"]",
      "instances": [
        {
          "schema_version": 0,
          "attributes": {
            "domain": "python.clinic",
            "flags": 0,
            "fqdn": "stun.python.clinic",
            "id": "41684272",
            "name": "stun",
            "port": 0,
            "priority": 0,
            "tag": "",
            "ttl": 300,
            "type": "CNAME",
            "value": "@",
            "weight": 0
          },
          "sensitive_attributes": [],
          "private": "eyJzY2hlbWFfdmVyc2lvbiI6IjAifQ==",
          "dependencies": [
            "digitalocean_domain.python_clinic"
          ]
        }
      ]
    },
    {
      "mode": "managed",
      "type": "digitalocean_record",
      "name": "stun_r131733_xyz",
      "provider": "provider[\"registry.terraform.io/digitalocean/digitalocean\"]",
      "instances": [
        {
          "schema_version": 0,
          "attributes": {
            "domain": "r131733.xyz",
            "flags": 0,
            "fqdn": "stun.r131733.xyz",
            "id": "31006942",
            "name": "stun",
            "port": 0,
            "priority": 0,
            "tag": "",
            "ttl": 600,
            "type": "CNAME",
            "value": "@",
            "weight": 0
          },
          "sensitive_attributes": [],
          "private": "eyJzY2hlbWFfdmVyc2lvbiI6IjAifQ==",
          "dependencies": [
            "digitalocean_domain.r131733_xyz"
          ]
        }
      ]
    },
    {
      "mode": "managed",
      "type": "digitalocean_record",
      "name": "test_codepoe_ms",
      "provider": "provider[\"registry.terraform.io/digitalocean/digitalocean\"]",
      "instances": [
        {
          "schema_version": 0,
          "attributes": {
            "domain": "codepoe.ms",
            "flags": 0,
            "fqdn": "test.codepoe.ms",
            "id": "99383443",
            "name": "test",
            "port": 0,
            "priority": 0,
            "tag": "",
            "ttl": 300,
            "type": "CNAME",
            "value": "@",
            "weight": 0
          },
          "sensitive_attributes": [],
          "private": "eyJzY2hlbWFfdmVyc2lvbiI6IjAifQ==",
          "dependencies": [
            "digitalocean_domain.codepoe_ms"
          ]
        }
      ]
    },
    {
      "mode": "managed",
      "type": "digitalocean_record",
      "name": "test_codervana_io",
      "provider": "provider[\"registry.terraform.io/digitalocean/digitalocean\"]",
      "instances": [
        {
          "schema_version": 0,
          "attributes": {
            "domain": "codervana.io",
            "flags": 0,
            "fqdn": "test.codervana.io",
            "id": "99376981",
            "name": "test",
            "port": 0,
            "priority": 0,
            "tag": "",
            "ttl": 300,
            "type": "CNAME",
            "value": "@",
            "weight": 0
          },
          "sensitive_attributes": [],
          "private": "eyJzY2hlbWFfdmVyc2lvbiI6IjAifQ==",
          "dependencies": [
            "digitalocean_domain.codervana_io"
          ]
        }
      ]
    },
    {
      "mode": "managed",
      "type": "digitalocean_record",
      "name": "tunnel_python_clinic",
      "provider": "provider[\"registry.terraform.io/digitalocean/digitalocean\"]",
      "instances": [
        {
          "schema_version": 0,
          "attributes": {
            "domain": "python.clinic",
            "flags": 0,
            "fqdn": "tunnel.python.clinic",
            "id": "41684407",
            "name": "tunnel",
            "port": 0,
            "priority": 0,
            "tag": "",
            "ttl": 300,
            "type": "CNAME",
            "value": "@",
            "weight": 0
          },
          "sensitive_attributes": [],
          "private": "eyJzY2hlbWFfdmVyc2lvbiI6IjAifQ==",
          "dependencies": [
            "digitalocean_domain.python_clinic"
          ]
        }
      ]
    },
    {
      "mode": "managed",
      "type": "digitalocean_record",
      "name": "turn_falcao_it",
      "provider": "provider[\"registry.terraform.io/digitalocean/digitalocean\"]",
      "instances": [
        {
          "schema_version": 0,
          "attributes": {
            "domain": "falcao.it",
            "flags": 0,
            "fqdn": "turn.falcao.it",
            "id": "28366664",
            "name": "turn",
            "port": 0,
            "priority": 0,
            "tag": "",
            "ttl": 300,
            "type": "CNAME",
            "value": "@",
            "weight": 0
          },
          "sensitive_attributes": [],
          "private": "eyJzY2hlbWFfdmVyc2lvbiI6IjAifQ==",
          "dependencies": [
            "digitalocean_domain.falcao_it"
          ]
        }
      ]
    },
    {
      "mode": "managed",
      "type": "digitalocean_record",
      "name": "turn_python_clinic",
      "provider": "provider[\"registry.terraform.io/digitalocean/digitalocean\"]",
      "instances": [
        {
          "schema_version": 0,
          "attributes": {
            "domain": "python.clinic",
            "flags": 0,
            "fqdn": "turn.python.clinic",
            "id": "41684273",
            "name": "turn",
            "port": 0,
            "priority": 0,
            "tag": "",
            "ttl": 300,
            "type": "CNAME",
            "value": "@",
            "weight": 0
          },
          "sensitive_attributes": [],
          "private": "eyJzY2hlbWFfdmVyc2lvbiI6IjAifQ==",
          "dependencies": [
            "digitalocean_domain.python_clinic"
          ]
        }
      ]
    },
    {
      "mode": "managed",
      "type": "digitalocean_record",
      "name": "turn_r131733_xyz",
      "provider": "provider[\"registry.terraform.io/digitalocean/digitalocean\"]",
      "instances": [
        {
          "schema_version": 0,
          "attributes": {
            "domain": "r131733.xyz",
            "flags": 0,
            "fqdn": "turn.r131733.xyz",
            "id": "31006944",
            "name": "turn",
            "port": 0,
            "priority": 0,
            "tag": "",
            "ttl": 600,
            "type": "CNAME",
            "value": "@",
            "weight": 0
          },
          "sensitive_attributes": [],
          "private": "eyJzY2hlbWFfdmVyc2lvbiI6IjAifQ==",
          "dependencies": [
            "digitalocean_domain.r131733_xyz"
          ]
        }
      ]
    },
    {
      "mode": "managed",
      "type": "digitalocean_record",
      "name": "v_falcao_it",
      "provider": "provider[\"registry.terraform.io/digitalocean/digitalocean\"]",
      "instances": [
        {
          "schema_version": 0,
          "attributes": {
            "domain": "falcao.it",
            "flags": 0,
            "fqdn": "v.falcao.it",
            "id": "28366614",
            "name": "v",
            "port": 0,
            "priority": 0,
            "tag": "",
            "ttl": 300,
            "type": "CNAME",
            "value": "@",
            "weight": 0
          },
          "sensitive_attributes": [],
          "private": "eyJzY2hlbWFfdmVyc2lvbiI6IjAifQ==",
          "dependencies": [
            "digitalocean_domain.falcao_it"
          ]
        }
      ]
    },
    {
      "mode": "managed",
      "type": "digitalocean_record",
      "name": "v_r131733_xyz",
      "provider": "provider[\"registry.terraform.io/digitalocean/digitalocean\"]",
      "instances": [
        {
          "schema_version": 0,
          "attributes": {
            "domain": "r131733.xyz",
            "flags": 0,
            "fqdn": "v.r131733.xyz",
            "id": "27228305",
            "name": "v",
            "port": 0,
            "priority": 0,
            "tag": "",
            "ttl": 600,
            "type": "CNAME",
            "value": "@",
            "weight": 0
          },
          "sensitive_attributes": [],
          "private": "eyJzY2hlbWFfdmVyc2lvbiI6IjAifQ==",
          "dependencies": [
            "digitalocean_domain.r131733_xyz"
          ]
        }
      ]
    },
    {
      "mode": "managed",
      "type": "digitalocean_record",
      "name": "vault_codepoe_ms",
      "provider": "provider[\"registry.terraform.io/digitalocean/digitalocean\"]",
      "instances": [
        {
          "schema_version": 0,
          "attributes": {
            "domain": "codepoe.ms",
            "flags": 0,
            "fqdn": "vault.codepoe.ms",
            "id": "99383465",
            "name": "vault",
            "port": 0,
            "priority": 0,
            "tag": "",
            "ttl": 300,
            "type": "CNAME",
            "value": "@",
            "weight": 0
          },
          "sensitive_attributes": [],
          "private": "eyJzY2hlbWFfdmVyc2lvbiI6IjAifQ==",
          "dependencies": [
            "digitalocean_domain.codepoe_ms"
          ]
        }
      ]
    },
    {
      "mode": "managed",
      "type": "digitalocean_record",
      "name": "vault_r131733_xyz",
      "provider": "provider[\"registry.terraform.io/digitalocean/digitalocean\"]",
      "instances": [
        {
          "schema_version": 0,
          "attributes": {
            "domain": "r131733.xyz",
            "flags": 0,
            "fqdn": "vault.r131733.xyz",
            "id": "31006941",
            "name": "vault",
            "port": 0,
            "priority": 0,
            "tag": "",
            "ttl": 600,
            "type": "CNAME",
            "value": "@",
            "weight": 0
          },
          "sensitive_attributes": [],
          "private": "eyJzY2hlbWFfdmVyc2lvbiI6IjAifQ==",
          "dependencies": [
            "digitalocean_domain.r131733_xyz"
          ]
        }
      ]
    },
    {
      "mode": "managed",
      "type": "digitalocean_record",
      "name": "video_r131733_xyz",
      "provider": "provider[\"registry.terraform.io/digitalocean/digitalocean\"]",
      "instances": [
        {
          "schema_version": 0,
          "attributes": {
            "domain": "r131733.xyz",
            "flags": 0,
            "fqdn": "video.r131733.xyz",
            "id": "27228333",
            "name": "video",
            "port": 0,
            "priority": 0,
            "tag": "",
            "ttl": 600,
            "type": "CNAME",
            "value": "@",
            "weight": 0
          },
          "sensitive_attributes": [],
          "private": "eyJzY2hlbWFfdmVyc2lvbiI6IjAifQ==",
          "dependencies": [
            "digitalocean_domain.r131733_xyz"
          ]
        }
      ]
    },
    {
      "mode": "managed",
      "type": "digitalocean_record",
      "name": "visualcu_es_visualcu_es",
      "provider": "provider[\"registry.terraform.io/digitalocean/digitalocean\"]",
      "instances": [
        {
          "schema_version": 0,
          "attributes": {
            "domain": "visualcu.es",
            "flags": 0,
            "fqdn": "visualcu.es",
            "id": "13001392",
            "name": "@",
            "port": 0,
            "priority": 0,
            "tag": "",
            "ttl": 300,
            "type": "A",
            "value": "174.138.101.139",
            "weight": 0
          },
          "sensitive_attributes": [],
          "private": "eyJzY2hlbWFfdmVyc2lvbiI6IjAifQ==",
          "dependencies": [
            "digitalocean_domain.visualcu_es"
          ]
        }
      ]
    },
    {
      "mode": "managed",
      "type": "digitalocean_record",
      "name": "vpn_falcao_it",
      "provider": "provider[\"registry.terraform.io/digitalocean/digitalocean\"]",
      "instances": [
        {
          "schema_version": 0,
          "attributes": {
            "domain": "falcao.it",
            "flags": 0,
            "fqdn": "vpn.falcao.it",
            "id": "28366642",
            "name": "vpn",
            "port": 0,
            "priority": 0,
            "tag": "",
            "ttl": 300,
            "type": "CNAME",
            "value": "@",
            "weight": 0
          },
          "sensitive_attributes": [],
          "private": "eyJzY2hlbWFfdmVyc2lvbiI6IjAifQ==",
          "dependencies": [
            "digitalocean_domain.falcao_it"
          ]
        }
      ]
    },
    {
      "mode": "managed",
      "type": "digitalocean_record",
      "name": "vpn_python_clinic",
      "provider": "provider[\"registry.terraform.io/digitalocean/digitalocean\"]",
      "instances": [
        {
          "schema_version": 0,
          "attributes": {
            "domain": "python.clinic",
            "flags": 0,
            "fqdn": "vpn.python.clinic",
            "id": "41684317",
            "name": "vpn",
            "port": 0,
            "priority": 0,
            "tag": "",
            "ttl": 300,
            "type": "CNAME",
            "value": "@",
            "weight": 0
          },
          "sensitive_attributes": [],
          "private": "eyJzY2hlbWFfdmVyc2lvbiI6IjAifQ==",
          "dependencies": [
            "digitalocean_domain.python_clinic"
          ]
        }
      ]
    },
    {
      "mode": "managed",
      "type": "digitalocean_record",
      "name": "vpn_r131733_xyz",
      "provider": "provider[\"registry.terraform.io/digitalocean/digitalocean\"]",
      "instances": [
        {
          "schema_version": 0,
          "attributes": {
            "domain": "r131733.xyz",
            "flags": 0,
            "fqdn": "vpn.r131733.xyz",
            "id": "27244032",
            "name": "vpn",
            "port": 0,
            "priority": 0,
            "tag": "",
            "ttl": 600,
            "type": "CNAME",
            "value": "@",
            "weight": 0
          },
          "sensitive_attributes": [],
          "private": "eyJzY2hlbWFfdmVyc2lvbiI6IjAifQ==",
          "dependencies": [
            "digitalocean_domain.r131733_xyz"
          ]
        }
      ]
    },
    {
      "mode": "managed",
      "type": "digitalocean_record",
      "name": "wavemanda_la_wavemanda_la",
      "provider": "provider[\"registry.terraform.io/digitalocean/digitalocean\"]",
      "instances": [
        {
          "schema_version": 0,
          "attributes": {
            "domain": "wavemanda.la",
            "flags": 0,
            "fqdn": "wavemanda.la",
            "id": "13048918",
            "name": "@",
            "port": 0,
            "priority": 0,
            "tag": "",
            "ttl": 300,
            "type": "A",
            "value": "157.245.21.131",
            "weight": 0
          },
          "sensitive_attributes": [],
          "private": "eyJzY2hlbWFfdmVyc2lvbiI6IjAifQ==",
          "dependencies": [
            "digitalocean_domain.wavemanda_la"
          ]
        }
      ]
    },
    {
      "mode": "managed",
      "type": "digitalocean_record",
      "name": "www_falcao_it",
      "provider": "provider[\"registry.terraform.io/digitalocean/digitalocean\"]",
      "instances": [
        {
          "schema_version": 0,
          "attributes": {
            "domain": "falcao.it",
            "flags": 0,
            "fqdn": "www.falcao.it",
            "id": "28366666",
            "name": "www",
            "port": 0,
            "priority": 0,
            "tag": "",
            "ttl": 300,
            "type": "CNAME",
            "value": "@",
            "weight": 0
          },
          "sensitive_attributes": [],
          "private": "eyJzY2hlbWFfdmVyc2lvbiI6IjAifQ==",
          "dependencies": [
            "digitalocean_domain.falcao_it"
          ]
        }
      ]
    },
    {
      "mode": "managed",
      "type": "digitalocean_record",
      "name": "www_python_clinic",
      "provider": "provider[\"registry.terraform.io/digitalocean/digitalocean\"]",
      "instances": [
        {
          "schema_version": 0,
          "attributes": {
            "domain": "python.clinic",
            "flags": 0,
            "fqdn": "www.python.clinic",
            "id": "41684305",
            "name": "www",
            "port": 0,
            "priority": 0,
            "tag": "",
            "ttl": 300,
            "type": "CNAME",
            "value": "@",
            "weight": 0
          },
          "sensitive_attributes": [],
          "private": "eyJzY2hlbWFfdmVyc2lvbiI6IjAifQ==",
          "dependencies": [
            "digitalocean_domain.python_clinic"
          ]
        }
      ]
    },
    {
      "mode": "managed",
      "type": "digitalocean_record",
      "name": "www_r131733_xyz",
      "provider": "provider[\"registry.terraform.io/digitalocean/digitalocean\"]",
      "instances": [
        {
          "schema_version": 0,
          "attributes": {
            "domain": "r131733.xyz",
            "flags": 0,
            "fqdn": "www.r131733.xyz",
            "id": "27228296",
            "name": "www",
            "port": 0,
            "priority": 0,
            "tag": "",
            "ttl": 600,
            "type": "CNAME",
            "value": "@",
            "weight": 0
          },
          "sensitive_attributes": [],
          "private": "eyJzY2hlbWFfdmVyc2lvbiI6IjAifQ==",
          "dependencies": [
            "digitalocean_domain.r131733_xyz"
          ]
        }
      ]
    },
    {
      "mode": "managed",
      "type": "digitalocean_record",
      "name": "xmpp_falcao_it",
      "provider": "provider[\"registry.terraform.io/digitalocean/digitalocean\"]",
      "instances": [
        {
          "schema_version": 0,
          "attributes": {
            "domain": "falcao.it",
            "flags": 0,
            "fqdn": "xmpp.falcao.it",
            "id": "28366638",
            "name": "xmpp",
            "port": 0,
            "priority": 0,
            "tag": "",
            "ttl": 300,
            "type": "CNAME",
            "value": "@",
            "weight": 0
          },
          "sensitive_attributes": [],
          "private": "eyJzY2hlbWFfdmVyc2lvbiI6IjAifQ==",
          "dependencies": [
            "digitalocean_domain.falcao_it"
          ]
        }
      ]
    },
    {
      "mode": "managed",
      "type": "digitalocean_record",
      "name": "xmpp_python_clinic",
      "provider": "provider[\"registry.terraform.io/digitalocean/digitalocean\"]",
      "instances": [
        {
          "schema_version": 0,
          "attributes": {
            "domain": "python.clinic",
            "flags": 0,
            "fqdn": "xmpp.python.clinic",
            "id": "41684325",
            "name": "xmpp",
            "port": 0,
            "priority": 0,
            "tag": "",
            "ttl": 300,
            "type": "CNAME",
            "value": "@",
            "weight": 0
          },
          "sensitive_attributes": [],
          "private": "eyJzY2hlbWFfdmVyc2lvbiI6IjAifQ==",
          "dependencies": [
            "digitalocean_domain.python_clinic"
          ]
        }
      ]
    },
    {
      "mode": "managed",
      "type": "digitalocean_record",
      "name": "xmpp_r131733_xyz",
      "provider": "provider[\"registry.terraform.io/digitalocean/digitalocean\"]",
      "instances": [
        {
          "schema_version": 0,
          "attributes": {
            "domain": "r131733.xyz",
            "flags": 0,
            "fqdn": "xmpp.r131733.xyz",
            "id": "30994604",
            "name": "xmpp",
            "port": 0,
            "priority": 0,
            "tag": "",
            "ttl": 300,
            "type": "CNAME",
            "value": "@",
            "weight": 0
          },
          "sensitive_attributes": [],
          "private": "eyJzY2hlbWFfdmVyc2lvbiI6IjAifQ==",
          "dependencies": [
            "digitalocean_domain.r131733_xyz"
          ]
        }
      ]
    },
    {
      "mode": "managed",
      "type": "digitalocean_spaces_bucket",
      "name": "gabrielfalcao",
      "provider": "provider[\"registry.terraform.io/digitalocean/digitalocean\"]",
      "instances": [
        {
          "schema_version": 0,
          "attributes": {
            "acl": "private",
            "bucket_domain_name": "gabrielfalcao.nyc3.digitaloceanspaces.com",
            "cors_rule": [],
            "force_destroy": false,
            "id": "gabrielfalcao",
            "lifecycle_rule": [],
            "name": "gabrielfalcao",
            "region": "nyc3",
            "urn": "do:space:gabrielfalcao",
            "versioning": [
              {
                "enabled": false
              }
            ]
          },
          "sensitive_attributes": [],
          "private": "bnVsbA=="
        }
      ]
    },
    {
      "mode": "managed",
      "type": "digitalocean_spaces_bucket",
      "name": "gfalcao",
      "provider": "provider[\"registry.terraform.io/digitalocean/digitalocean\"]",
      "instances": [
        {
          "schema_version": 0,
          "attributes": {
            "acl": "private",
            "bucket_domain_name": "gfalcao.ams3.digitaloceanspaces.com",
            "cors_rule": [],
            "force_destroy": false,
            "id": "gfalcao",
            "lifecycle_rule": [],
            "name": "gfalcao",
            "region": "ams3",
            "urn": "do:space:gfalcao",
            "versioning": [
              {
                "enabled": false
              }
            ]
          },
          "sensitive_attributes": [],
          "private": "bnVsbA=="
        }
      ]
    },
    {
      "mode": "managed",
      "type": "digitalocean_spaces_bucket",
      "name": "python-clinic",
      "provider": "provider[\"registry.terraform.io/digitalocean/digitalocean\"]",
      "instances": [
        {
          "schema_version": 0,
          "attributes": {
            "acl": "private",
            "bucket_domain_name": "python-clinic.nyc3.digitaloceanspaces.com",
            "cors_rule": [],
            "force_destroy": false,
            "id": "python-clinic",
            "lifecycle_rule": [],
            "name": "python-clinic",
            "region": "nyc3",
            "urn": "do:space:python-clinic",
            "versioning": [
              {
                "enabled": false
              }
            ]
          },
          "sensitive_attributes": [],
          "private": "bnVsbA=="
        }
      ]
    },
    {
      "mode": "managed",
      "type": "digitalocean_spaces_bucket",
      "name": "r131733",
      "provider": "provider[\"registry.terraform.io/digitalocean/digitalocean\"]",
      "instances": [
        {
          "schema_version": 0,
          "attributes": {
            "acl": "private",
            "bucket_domain_name": "r131733.ams3.digitaloceanspaces.com",
            "cors_rule": [],
            "force_destroy": false,
            "id": "r131733",
            "lifecycle_rule": [],
            "name": "r131733",
            "region": "ams3",
            "urn": "do:space:r131733",
            "versioning": [
              {
                "enabled": false
              }
            ]
          },
          "sensitive_attributes": [],
          "private": "bnVsbA=="
        }
      ]
    },
    {
      "mode": "managed",
      "type": "digitalocean_vpc",
      "name": "default_ams3",
      "provider": "provider[\"registry.terraform.io/digitalocean/digitalocean\"]",
      "instances": [
        {
          "schema_version": 0,
          "attributes": {
            "created_at": "2019-03-12 16:34:48 +0000 UTC",
            "default": true,
            "description": "",
            "id": "b7a49eaa-dc83-11e8-a3da-3cfdfea9f0d8",
            "ip_range": "10.133.0.0/16",
            "name": "default-ams3",
            "region": "ams3",
            "timeouts": {
              "delete": null
            },
            "urn": "do:vpc:b7a49eaa-dc83-11e8-a3da-3cfdfea9f0d8"
          },
          "sensitive_attributes": [],
          "private": "eyJlMmJmYjczMC1lY2FhLTExZTYtOGY4OC0zNDM2M2JjN2M0YzAiOnsiZGVsZXRlIjoxMjAwMDAwMDAwMDB9LCJzY2hlbWFfdmVyc2lvbiI6IjAifQ=="
        }
      ]
    },
    {
      "mode": "managed",
      "type": "digitalocean_vpc",
      "name": "default_fra1",
      "provider": "provider[\"registry.terraform.io/digitalocean/digitalocean\"]",
      "instances": [
        {
          "schema_version": 0,
          "attributes": {
            "created_at": "2019-02-27 01:15:18 +0000 UTC",
            "default": true,
            "description": "",
            "id": "f6e022f3-dc84-11e8-8b13-3cfdfea9f160",
            "ip_range": "10.135.0.0/16",
            "name": "default-fra1",
            "region": "fra1",
            "timeouts": {
              "delete": null
            },
            "urn": "do:vpc:f6e022f3-dc84-11e8-8b13-3cfdfea9f160"
          },
          "sensitive_attributes": [],
          "private": "eyJlMmJmYjczMC1lY2FhLTExZTYtOGY4OC0zNDM2M2JjN2M0YzAiOnsiZGVsZXRlIjoxMjAwMDAwMDAwMDB9LCJzY2hlbWFfdmVyc2lvbiI6IjAifQ=="
        }
      ]
    },
    {
      "mode": "managed",
      "type": "digitalocean_vpc",
      "name": "default_nyc1",
      "provider": "provider[\"registry.terraform.io/digitalocean/digitalocean\"]",
      "instances": [
        {
          "schema_version": 0,
          "attributes": {
            "created_at": "2021-06-24 10:17:12 +0000 UTC",
            "default": true,
            "description": "",
            "id": "fc7eaea7-d57d-488a-af9a-a12704aa0b82",
            "ip_range": "10.116.0.0/20",
            "name": "default-nyc1",
            "region": "nyc1",
            "timeouts": {
              "delete": null
            },
            "urn": "do:vpc:fc7eaea7-d57d-488a-af9a-a12704aa0b82"
          },
          "sensitive_attributes": [],
          "private": "eyJlMmJmYjczMC1lY2FhLTExZTYtOGY4OC0zNDM2M2JjN2M0YzAiOnsiZGVsZXRlIjoxMjAwMDAwMDAwMDB9LCJzY2hlbWFfdmVyc2lvbiI6IjAifQ=="
        }
      ]
    },
    {
      "mode": "managed",
      "type": "digitalocean_vpc",
      "name": "default_nyc3",
      "provider": "provider[\"registry.terraform.io/digitalocean/digitalocean\"]",
      "instances": [
        {
          "schema_version": 0,
          "attributes": {
            "created_at": "2019-03-08 19:29:39 +0000 UTC",
            "default": true,
            "description": "",
            "id": "9ae56af2-dc84-11e8-80bc-3cfdfea9fba1",
            "ip_range": "10.132.0.0/16",
            "name": "default-nyc3",
            "region": "nyc3",
            "timeouts": {
              "delete": null
            },
            "urn": "do:vpc:9ae56af2-dc84-11e8-80bc-3cfdfea9fba1"
          },
          "sensitive_attributes": [],
          "private": "eyJlMmJmYjczMC1lY2FhLTExZTYtOGY4OC0zNDM2M2JjN2M0YzAiOnsiZGVsZXRlIjoxMjAwMDAwMDAwMDB9LCJzY2hlbWFfdmVyc2lvbiI6IjAifQ=="
        }
      ]
    },
    {
      "mode": "managed",
      "type": "kubectl_manifest",
      "name": "ingress_nginx_controller",
      "provider": "provider[\"registry.terraform.io/gavinbunney/kubectl\"]",
      "instances": [
        {
          "schema_version": 1,
          "attributes": {
            "api_version": "v1",
            "force_new": false,
            "id": "/api/v1/namespaces/ingress-nginx",
            "ignore_fields": null,
            "kind": "Namespace",
            "live_manifest_incluster": "226652e3f3c95105b59b8cc086c85bee839facf2a77ac0fa557ff6ce87021322",
            "live_uid": "36f1611c-a4ce-4138-8570-4821f285d03b",
            "name": "ingress-nginx",
            "namespace": null,
            "override_namespace": null,
            "sensitive_fields": null,
            "server_side_apply": false,
            "timeouts": null,
            "uid": "36f1611c-a4ce-4138-8570-4821f285d03b",
            "validate_schema": true,
            "wait": null,
            "wait_for_rollout": true,
            "yaml_body": "apiVersion: v1\nkind: Namespace\nmetadata:\n  name: ingress-nginx\n  labels:\n    app.kubernetes.io/name: ingress-nginx\n    app.kubernetes.io/instance: ingress-nginx\n\n---\n# Source: ingress-nginx/templates/controller-serviceaccount.yaml\napiVersion: v1\nkind: ServiceAccount\nmetadata:\n  labels:\n    helm.sh/chart: ingress-nginx-4.0.10\n    app.kubernetes.io/name: ingress-nginx\n    app.kubernetes.io/instance: ingress-nginx\n    app.kubernetes.io/version: 1.1.0\n    app.kubernetes.io/managed-by: Helm\n    app.kubernetes.io/component: controller\n  name: ingress-nginx\n  namespace: ingress-nginx\nautomountServiceAccountToken: true\n---\n# Source: ingress-nginx/templates/controller-configmap.yaml\napiVersion: v1\nkind: ConfigMap\nmetadata:\n  labels:\n    helm.sh/chart: ingress-nginx-4.0.10\n    app.kubernetes.io/name: ingress-nginx\n    app.kubernetes.io/instance: ingress-nginx\n    app.kubernetes.io/version: 1.1.0\n    app.kubernetes.io/managed-by: Helm\n    app.kubernetes.io/component: controller\n  name: ingress-nginx-controller\n  namespace: ingress-nginx\ndata:\n  allow-snippet-annotations: 'true'\n  use-proxy-protocol: 'true'\n---\n# Source: ingress-nginx/templates/clusterrole.yaml\napiVersion: rbac.authorization.k8s.io/v1\nkind: ClusterRole\nmetadata:\n  labels:\n    helm.sh/chart: ingress-nginx-4.0.10\n    app.kubernetes.io/name: ingress-nginx\n    app.kubernetes.io/instance: ingress-nginx\n    app.kubernetes.io/version: 1.1.0\n    app.kubernetes.io/managed-by: Helm\n  name: ingress-nginx\nrules:\n  - apiGroups:\n      - ''\n    resources:\n      - configmaps\n      - endpoints\n      - nodes\n      - pods\n      - secrets\n      - namespaces\n    verbs:\n      - list\n      - watch\n  - apiGroups:\n      - ''\n    resources:\n      - nodes\n    verbs:\n      - get\n  - apiGroups:\n      - ''\n    resources:\n      - services\n    verbs:\n      - get\n      - list\n      - watch\n  - apiGroups:\n      - networking.k8s.io\n    resources:\n      - ingresses\n    verbs:\n      - get\n      - list\n      - watch\n  - apiGroups:\n      - ''\n    resources:\n      - events\n    verbs:\n      - create\n      - patch\n  - apiGroups:\n      - networking.k8s.io\n    resources:\n      - ingresses/status\n    verbs:\n      - update\n  - apiGroups:\n      - networking.k8s.io\n    resources:\n      - ingressclasses\n    verbs:\n      - get\n      - list\n      - watch\n---\n# Source: ingress-nginx/templates/clusterrolebinding.yaml\napiVersion: rbac.authorization.k8s.io/v1\nkind: ClusterRoleBinding\nmetadata:\n  labels:\n    helm.sh/chart: ingress-nginx-4.0.10\n    app.kubernetes.io/name: ingress-nginx\n    app.kubernetes.io/instance: ingress-nginx\n    app.kubernetes.io/version: 1.1.0\n    app.kubernetes.io/managed-by: Helm\n  name: ingress-nginx\nroleRef:\n  apiGroup: rbac.authorization.k8s.io\n  kind: ClusterRole\n  name: ingress-nginx\nsubjects:\n  - kind: ServiceAccount\n    name: ingress-nginx\n    namespace: ingress-nginx\n---\n# Source: ingress-nginx/templates/controller-role.yaml\napiVersion: rbac.authorization.k8s.io/v1\nkind: Role\nmetadata:\n  labels:\n    helm.sh/chart: ingress-nginx-4.0.10\n    app.kubernetes.io/name: ingress-nginx\n    app.kubernetes.io/instance: ingress-nginx\n    app.kubernetes.io/version: 1.1.0\n    app.kubernetes.io/managed-by: Helm\n    app.kubernetes.io/component: controller\n  name: ingress-nginx\n  namespace: ingress-nginx\nrules:\n  - apiGroups:\n      - ''\n    resources:\n      - namespaces\n    verbs:\n      - get\n  - apiGroups:\n      - ''\n    resources:\n      - configmaps\n      - pods\n      - secrets\n      - endpoints\n    verbs:\n      - get\n      - list\n      - watch\n  - apiGroups:\n      - ''\n    resources:\n      - services\n    verbs:\n      - get\n      - list\n      - watch\n  - apiGroups:\n      - networking.k8s.io\n    resources:\n      - ingresses\n    verbs:\n      - get\n      - list\n      - watch\n  - apiGroups:\n      - networking.k8s.io\n    resources:\n      - ingresses/status\n    verbs:\n      - update\n  - apiGroups:\n      - networking.k8s.io\n    resources:\n      - ingressclasses\n    verbs:\n      - get\n      - list\n      - watch\n  - apiGroups:\n      - ''\n    resources:\n      - configmaps\n    resourceNames:\n      - ingress-controller-leader\n    verbs:\n      - get\n      - update\n  - apiGroups:\n      - ''\n    resources:\n      - configmaps\n    verbs:\n      - create\n  - apiGroups:\n      - ''\n    resources:\n      - events\n    verbs:\n      - create\n      - patch\n---\n# Source: ingress-nginx/templates/controller-rolebinding.yaml\napiVersion: rbac.authorization.k8s.io/v1\nkind: RoleBinding\nmetadata:\n  labels:\n    helm.sh/chart: ingress-nginx-4.0.10\n    app.kubernetes.io/name: ingress-nginx\n    app.kubernetes.io/instance: ingress-nginx\n    app.kubernetes.io/version: 1.1.0\n    app.kubernetes.io/managed-by: Helm\n    app.kubernetes.io/component: controller\n  name: ingress-nginx\n  namespace: ingress-nginx\nroleRef:\n  apiGroup: rbac.authorization.k8s.io\n  kind: Role\n  name: ingress-nginx\nsubjects:\n  - kind: ServiceAccount\n    name: ingress-nginx\n    namespace: ingress-nginx\n---\n# Source: ingress-nginx/templates/controller-service-webhook.yaml\napiVersion: v1\nkind: Service\nmetadata:\n  labels:\n    helm.sh/chart: ingress-nginx-4.0.10\n    app.kubernetes.io/name: ingress-nginx\n    app.kubernetes.io/instance: ingress-nginx\n    app.kubernetes.io/version: 1.1.0\n    app.kubernetes.io/managed-by: Helm\n    app.kubernetes.io/component: controller\n  name: ingress-nginx-controller-admission\n  namespace: ingress-nginx\nspec:\n  type: ClusterIP\n  ports:\n    - name: https-webhook\n      port: 443\n      targetPort: webhook\n      appProtocol: https\n  selector:\n    app.kubernetes.io/name: ingress-nginx\n    app.kubernetes.io/instance: ingress-nginx\n    app.kubernetes.io/component: controller\n---\n# Source: ingress-nginx/templates/controller-service.yaml\napiVersion: v1\nkind: Service\nmetadata:\n  annotations:\n    service.beta.kubernetes.io/do-loadbalancer-enable-proxy-protocol: 'true'\n  labels:\n    helm.sh/chart: ingress-nginx-4.0.10\n    app.kubernetes.io/name: ingress-nginx\n    app.kubernetes.io/instance: ingress-nginx\n    app.kubernetes.io/version: 1.1.0\n    app.kubernetes.io/managed-by: Helm\n    app.kubernetes.io/component: controller\n  name: ingress-nginx-controller\n  namespace: ingress-nginx\nspec:\n  type: LoadBalancer\n  externalTrafficPolicy: Local\n  ipFamilyPolicy: SingleStack\n  ipFamilies:\n    - IPv4\n  ports:\n    - name: http\n      port: 80\n      protocol: TCP\n      targetPort: http\n      appProtocol: http\n    - name: https\n      port: 443\n      protocol: TCP\n      targetPort: https\n      appProtocol: https\n  selector:\n    app.kubernetes.io/name: ingress-nginx\n    app.kubernetes.io/instance: ingress-nginx\n    app.kubernetes.io/component: controller\n---\n# Source: ingress-nginx/templates/controller-deployment.yaml\napiVersion: apps/v1\nkind: Deployment\nmetadata:\n  labels:\n    helm.sh/chart: ingress-nginx-4.0.10\n    app.kubernetes.io/name: ingress-nginx\n    app.kubernetes.io/instance: ingress-nginx\n    app.kubernetes.io/version: 1.1.0\n    app.kubernetes.io/managed-by: Helm\n    app.kubernetes.io/component: controller\n  name: ingress-nginx-controller\n  namespace: ingress-nginx\nspec:\n  selector:\n    matchLabels:\n      app.kubernetes.io/name: ingress-nginx\n      app.kubernetes.io/instance: ingress-nginx\n      app.kubernetes.io/component: controller\n  revisionHistoryLimit: 10\n  minReadySeconds: 0\n  template:\n    metadata:\n      labels:\n        app.kubernetes.io/name: ingress-nginx\n        app.kubernetes.io/instance: ingress-nginx\n        app.kubernetes.io/component: controller\n    spec:\n      dnsPolicy: ClusterFirst\n      containers:\n        - name: controller\n          image: k8s.gcr.io/ingress-nginx/controller:v1.1.0@sha256:f766669fdcf3dc26347ed273a55e754b427eb4411ee075a53f30718b4499076a\n          imagePullPolicy: IfNotPresent\n          lifecycle:\n            preStop:\n              exec:\n                command:\n                  - /wait-shutdown\n          args:\n            - /nginx-ingress-controller\n            - --publish-service=$(POD_NAMESPACE)/ingress-nginx-controller\n            - --election-id=ingress-controller-leader\n            - --controller-class=k8s.io/ingress-nginx\n            - --configmap=$(POD_NAMESPACE)/ingress-nginx-controller\n            - --validating-webhook=:8443\n            - --validating-webhook-certificate=/usr/local/certificates/cert\n            - --validating-webhook-key=/usr/local/certificates/key\n          securityContext:\n            capabilities:\n              drop:\n                - ALL\n              add:\n                - NET_BIND_SERVICE\n            runAsUser: 101\n            allowPrivilegeEscalation: true\n          env:\n            - name: POD_NAME\n              valueFrom:\n                fieldRef:\n                  fieldPath: metadata.name\n            - name: POD_NAMESPACE\n              valueFrom:\n                fieldRef:\n                  fieldPath: metadata.namespace\n            - name: LD_PRELOAD\n              value: /usr/local/lib/libmimalloc.so\n          livenessProbe:\n            failureThreshold: 5\n            httpGet:\n              path: /healthz\n              port: 10254\n              scheme: HTTP\n            initialDelaySeconds: 10\n            periodSeconds: 10\n            successThreshold: 1\n            timeoutSeconds: 1\n          readinessProbe:\n            failureThreshold: 3\n            httpGet:\n              path: /healthz\n              port: 10254\n              scheme: HTTP\n            initialDelaySeconds: 10\n            periodSeconds: 10\n            successThreshold: 1\n            timeoutSeconds: 1\n          ports:\n            - name: http\n              containerPort: 80\n              protocol: TCP\n            - name: https\n              containerPort: 443\n              protocol: TCP\n            - name: webhook\n              containerPort: 8443\n              protocol: TCP\n          volumeMounts:\n            - name: webhook-cert\n              mountPath: /usr/local/certificates/\n              readOnly: true\n          resources:\n            requests:\n              cpu: 100m\n              memory: 90Mi\n      nodeSelector:\n        kubernetes.io/os: linux\n      serviceAccountName: ingress-nginx\n      terminationGracePeriodSeconds: 300\n      volumes:\n        - name: webhook-cert\n          secret:\n            secretName: ingress-nginx-admission\n---\n# Source: ingress-nginx/templates/controller-ingressclass.yaml\n# We don't support namespaced ingressClass yet\n# So a ClusterRole and a ClusterRoleBinding is required\napiVersion: networking.k8s.io/v1\nkind: IngressClass\nmetadata:\n  labels:\n    helm.sh/chart: ingress-nginx-4.0.10\n    app.kubernetes.io/name: ingress-nginx\n    app.kubernetes.io/instance: ingress-nginx\n    app.kubernetes.io/version: 1.1.0\n    app.kubernetes.io/managed-by: Helm\n    app.kubernetes.io/component: controller\n  name: nginx\n  namespace: ingress-nginx\nspec:\n  controller: k8s.io/ingress-nginx\n---\n# Source: ingress-nginx/templates/admission-webhooks/validating-webhook.yaml\n# before changing this value, check the required kubernetes version\n# https://kubernetes.io/docs/reference/access-authn-authz/extensible-admission-controllers/#prerequisites\napiVersion: admissionregistration.k8s.io/v1\nkind: ValidatingWebhookConfiguration\nmetadata:\n  labels:\n    helm.sh/chart: ingress-nginx-4.0.10\n    app.kubernetes.io/name: ingress-nginx\n    app.kubernetes.io/instance: ingress-nginx\n    app.kubernetes.io/version: 1.1.0\n    app.kubernetes.io/managed-by: Helm\n    app.kubernetes.io/component: admission-webhook\n  name: ingress-nginx-admission\nwebhooks:\n  - name: validate.nginx.ingress.kubernetes.io\n    matchPolicy: Equivalent\n    rules:\n      - apiGroups:\n          - networking.k8s.io\n        apiVersions:\n          - v1\n        operations:\n          - CREATE\n          - UPDATE\n        resources:\n          - ingresses\n    failurePolicy: Fail\n    sideEffects: None\n    admissionReviewVersions:\n      - v1\n    clientConfig:\n      service:\n        namespace: ingress-nginx\n        name: ingress-nginx-controller-admission\n        path: /networking/v1/ingresses\n    timeoutSeconds: 29\n---\n# Source: ingress-nginx/templates/admission-webhooks/job-patch/serviceaccount.yaml\napiVersion: v1\nkind: ServiceAccount\nmetadata:\n  name: ingress-nginx-admission\n  namespace: ingress-nginx\n  annotations:\n    helm.sh/hook: pre-install,pre-upgrade,post-install,post-upgrade\n    helm.sh/hook-delete-policy: before-hook-creation,hook-succeeded\n  labels:\n    helm.sh/chart: ingress-nginx-4.0.10\n    app.kubernetes.io/name: ingress-nginx\n    app.kubernetes.io/instance: ingress-nginx\n    app.kubernetes.io/version: 1.1.0\n    app.kubernetes.io/managed-by: Helm\n    app.kubernetes.io/component: admission-webhook\n---\n# Source: ingress-nginx/templates/admission-webhooks/job-patch/clusterrole.yaml\napiVersion: rbac.authorization.k8s.io/v1\nkind: ClusterRole\nmetadata:\n  name: ingress-nginx-admission\n  annotations:\n    helm.sh/hook: pre-install,pre-upgrade,post-install,post-upgrade\n    helm.sh/hook-delete-policy: before-hook-creation,hook-succeeded\n  labels:\n    helm.sh/chart: ingress-nginx-4.0.10\n    app.kubernetes.io/name: ingress-nginx\n    app.kubernetes.io/instance: ingress-nginx\n    app.kubernetes.io/version: 1.1.0\n    app.kubernetes.io/managed-by: Helm\n    app.kubernetes.io/component: admission-webhook\nrules:\n  - apiGroups:\n      - admissionregistration.k8s.io\n    resources:\n      - validatingwebhookconfigurations\n    verbs:\n      - get\n      - update\n---\n# Source: ingress-nginx/templates/admission-webhooks/job-patch/clusterrolebinding.yaml\napiVersion: rbac.authorization.k8s.io/v1\nkind: ClusterRoleBinding\nmetadata:\n  name: ingress-nginx-admission\n  annotations:\n    helm.sh/hook: pre-install,pre-upgrade,post-install,post-upgrade\n    helm.sh/hook-delete-policy: before-hook-creation,hook-succeeded\n  labels:\n    helm.sh/chart: ingress-nginx-4.0.10\n    app.kubernetes.io/name: ingress-nginx\n    app.kubernetes.io/instance: ingress-nginx\n    app.kubernetes.io/version: 1.1.0\n    app.kubernetes.io/managed-by: Helm\n    app.kubernetes.io/component: admission-webhook\nroleRef:\n  apiGroup: rbac.authorization.k8s.io\n  kind: ClusterRole\n  name: ingress-nginx-admission\nsubjects:\n  - kind: ServiceAccount\n    name: ingress-nginx-admission\n    namespace: ingress-nginx\n---\n# Source: ingress-nginx/templates/admission-webhooks/job-patch/role.yaml\napiVersion: rbac.authorization.k8s.io/v1\nkind: Role\nmetadata:\n  name: ingress-nginx-admission\n  namespace: ingress-nginx\n  annotations:\n    helm.sh/hook: pre-install,pre-upgrade,post-install,post-upgrade\n    helm.sh/hook-delete-policy: before-hook-creation,hook-succeeded\n  labels:\n    helm.sh/chart: ingress-nginx-4.0.10\n    app.kubernetes.io/name: ingress-nginx\n    app.kubernetes.io/instance: ingress-nginx\n    app.kubernetes.io/version: 1.1.0\n    app.kubernetes.io/managed-by: Helm\n    app.kubernetes.io/component: admission-webhook\nrules:\n  - apiGroups:\n      - ''\n    resources:\n      - secrets\n    verbs:\n      - get\n      - create\n---\n# Source: ingress-nginx/templates/admission-webhooks/job-patch/rolebinding.yaml\napiVersion: rbac.authorization.k8s.io/v1\nkind: RoleBinding\nmetadata:\n  name: ingress-nginx-admission\n  namespace: ingress-nginx\n  annotations:\n    helm.sh/hook: pre-install,pre-upgrade,post-install,post-upgrade\n    helm.sh/hook-delete-policy: before-hook-creation,hook-succeeded\n  labels:\n    helm.sh/chart: ingress-nginx-4.0.10\n    app.kubernetes.io/name: ingress-nginx\n    app.kubernetes.io/instance: ingress-nginx\n    app.kubernetes.io/version: 1.1.0\n    app.kubernetes.io/managed-by: Helm\n    app.kubernetes.io/component: admission-webhook\nroleRef:\n  apiGroup: rbac.authorization.k8s.io\n  kind: Role\n  name: ingress-nginx-admission\nsubjects:\n  - kind: ServiceAccount\n    name: ingress-nginx-admission\n    namespace: ingress-nginx\n---\n# Source: ingress-nginx/templates/admission-webhooks/job-patch/job-createSecret.yaml\napiVersion: batch/v1\nkind: Job\nmetadata:\n  name: ingress-nginx-admission-create\n  namespace: ingress-nginx\n  annotations:\n    helm.sh/hook: pre-install,pre-upgrade\n    helm.sh/hook-delete-policy: before-hook-creation,hook-succeeded\n  labels:\n    helm.sh/chart: ingress-nginx-4.0.10\n    app.kubernetes.io/name: ingress-nginx\n    app.kubernetes.io/instance: ingress-nginx\n    app.kubernetes.io/version: 1.1.0\n    app.kubernetes.io/managed-by: Helm\n    app.kubernetes.io/component: admission-webhook\nspec:\n  template:\n    metadata:\n      name: ingress-nginx-admission-create\n      labels:\n        helm.sh/chart: ingress-nginx-4.0.10\n        app.kubernetes.io/name: ingress-nginx\n        app.kubernetes.io/instance: ingress-nginx\n        app.kubernetes.io/version: 1.1.0\n        app.kubernetes.io/managed-by: Helm\n        app.kubernetes.io/component: admission-webhook\n    spec:\n      containers:\n        - name: create\n          image: k8s.gcr.io/ingress-nginx/kube-webhook-certgen:v1.1.1@sha256:64d8c73dca984af206adf9d6d7e46aa550362b1d7a01f3a0a91b20cc67868660\n          imagePullPolicy: IfNotPresent\n          args:\n            - create\n            - --host=ingress-nginx-controller-admission,ingress-nginx-controller-admission.$(POD_NAMESPACE).svc\n            - --namespace=$(POD_NAMESPACE)\n            - --secret-name=ingress-nginx-admission\n          env:\n            - name: POD_NAMESPACE\n              valueFrom:\n                fieldRef:\n                  fieldPath: metadata.namespace\n          securityContext:\n            allowPrivilegeEscalation: false\n      restartPolicy: OnFailure\n      serviceAccountName: ingress-nginx-admission\n      nodeSelector:\n        kubernetes.io/os: linux\n      securityContext:\n        runAsNonRoot: true\n        runAsUser: 2000\n---\n# Source: ingress-nginx/templates/admission-webhooks/job-patch/job-patchWebhook.yaml\napiVersion: batch/v1\nkind: Job\nmetadata:\n  name: ingress-nginx-admission-patch\n  namespace: ingress-nginx\n  annotations:\n    helm.sh/hook: post-install,post-upgrade\n    helm.sh/hook-delete-policy: before-hook-creation,hook-succeeded\n  labels:\n    helm.sh/chart: ingress-nginx-4.0.10\n    app.kubernetes.io/name: ingress-nginx\n    app.kubernetes.io/instance: ingress-nginx\n    app.kubernetes.io/version: 1.1.0\n    app.kubernetes.io/managed-by: Helm\n    app.kubernetes.io/component: admission-webhook\nspec:\n  template:\n    metadata:\n      name: ingress-nginx-admission-patch\n      labels:\n        helm.sh/chart: ingress-nginx-4.0.10\n        app.kubernetes.io/name: ingress-nginx\n        app.kubernetes.io/instance: ingress-nginx\n        app.kubernetes.io/version: 1.1.0\n        app.kubernetes.io/managed-by: Helm\n        app.kubernetes.io/component: admission-webhook\n    spec:\n      containers:\n        - name: patch\n          image: k8s.gcr.io/ingress-nginx/kube-webhook-certgen:v1.1.1@sha256:64d8c73dca984af206adf9d6d7e46aa550362b1d7a01f3a0a91b20cc67868660\n          imagePullPolicy: IfNotPresent\n          args:\n            - patch\n            - --webhook-name=ingress-nginx-admission\n            - --namespace=$(POD_NAMESPACE)\n            - --patch-mutating=false\n            - --secret-name=ingress-nginx-admission\n            - --patch-failure-policy=Fail\n          env:\n            - name: POD_NAMESPACE\n              valueFrom:\n                fieldRef:\n                  fieldPath: metadata.namespace\n          securityContext:\n            allowPrivilegeEscalation: false\n      restartPolicy: OnFailure\n      serviceAccountName: ingress-nginx-admission\n      nodeSelector:\n        kubernetes.io/os: linux\n      securityContext:\n        runAsNonRoot: true\n        runAsUser: 2000\n",
            "yaml_body_parsed": "apiVersion: v1\nkind: Namespace\nmetadata:\n  labels:\n    app.kubernetes.io/instance: ingress-nginx\n    app.kubernetes.io/name: ingress-nginx\n  name: ingress-nginx\n",
            "yaml_incluster": "226652e3f3c95105b59b8cc086c85bee839facf2a77ac0fa557ff6ce87021322"
          },
          "sensitive_attributes": [],
          "private": "eyJlMmJmYjczMC1lY2FhLTExZTYtOGY4OC0zNDM2M2JjN2M0YzAiOnsiY3JlYXRlIjo2MDAwMDAwMDAwMDB9LCJzY2hlbWFfdmVyc2lvbiI6IjEifQ=="
        }
      ]
    },
    {
      "mode": "managed",
      "type": "kubernetes_namespace",
      "name": "cognodes",
      "provider": "provider[\"registry.terraform.io/hashicorp/kubernetes\"]",
      "instances": [
        {
          "schema_version": 0,
          "attributes": {
            "id": "cognodes",
            "metadata": [
              {
                "annotations": {},
                "generate_name": "",
                "generation": 0,
                "labels": {},
                "name": "cognodes",
                "resource_version": "97305569",
                "uid": "daf20fc0-ce5c-4802-acb4-6c0ea3aec371"
              }
            ],
            "timeouts": {
              "delete": null
            }
          },
          "sensitive_attributes": [],
          "private": "eyJlMmJmYjczMC1lY2FhLTExZTYtOGY4OC0zNDM2M2JjN2M0YzAiOnsiZGVsZXRlIjozMDAwMDAwMDAwMDB9LCJzY2hlbWFfdmVyc2lvbiI6IjAifQ=="
        }
      ]
    }
  ]
}
